// !$*UTF8*$!
{
	archiveVersion = 1;
	classes = {
	};
	objectVersion = 46;
	objects = {

/* Begin PBXBuildFile section */
		710B71341EB2BA0A009D4262 /* AddPatientViewController.swift in Sources */ = {isa = PBXBuildFile; fileRef = 710B71331EB2BA0A009D4262 /* AddPatientViewController.swift */; };
		719832241EB1125E002BC697 /* PatientViewController.swift in Sources */ = {isa = PBXBuildFile; fileRef = 719832231EB1125E002BC697 /* PatientViewController.swift */; };
		719832261EB1126C002BC697 /* PatientTableViewCell.swift in Sources */ = {isa = PBXBuildFile; fileRef = 719832251EB1126C002BC697 /* PatientTableViewCell.swift */; };
		B211F0071EBB9D7500BA37F8 /* GraphTableViewCell.swift in Sources */ = {isa = PBXBuildFile; fileRef = B211F0061EBB9D7400BA37F8 /* GraphTableViewCell.swift */; };
		B217C50E1EA97F9700AE6BCD /* Model.swift in Sources */ = {isa = PBXBuildFile; fileRef = B217C50D1EA97F9700AE6BCD /* Model.swift */; };
		B217C5131EA9831600AE6BCD /* Activity+CoreDataClass.swift in Sources */ = {isa = PBXBuildFile; fileRef = B217C50F1EA9831600AE6BCD /* Activity+CoreDataClass.swift */; };
		B217C5141EA9831600AE6BCD /* Activity+CoreDataProperties.swift in Sources */ = {isa = PBXBuildFile; fileRef = B217C5101EA9831600AE6BCD /* Activity+CoreDataProperties.swift */; };
		B217C5151EA9831600AE6BCD /* Hyperactivity+CoreDataClass.swift in Sources */ = {isa = PBXBuildFile; fileRef = B217C5111EA9831600AE6BCD /* Hyperactivity+CoreDataClass.swift */; };
		B217C5161EA9831600AE6BCD /* Hyperactivity+CoreDataProperties.swift in Sources */ = {isa = PBXBuildFile; fileRef = B217C5121EA9831600AE6BCD /* Hyperactivity+CoreDataProperties.swift */; };
		B217C5181EAA73A100AE6BCD /* CustomLayout.swift in Sources */ = {isa = PBXBuildFile; fileRef = B217C5171EAA73A100AE6BCD /* CustomLayout.swift */; };
		B25408F51EB114510012072D /* Anxiety+CoreDataClass.swift in Sources */ = {isa = PBXBuildFile; fileRef = B25408DF1EB114510012072D /* Anxiety+CoreDataClass.swift */; };
		B25408F61EB114510012072D /* Anxiety+CoreDataProperties.swift in Sources */ = {isa = PBXBuildFile; fileRef = B25408E01EB114510012072D /* Anxiety+CoreDataProperties.swift */; };
		B25408F91EB114510012072D /* Irritability+CoreDataClass.swift in Sources */ = {isa = PBXBuildFile; fileRef = B25408E31EB114510012072D /* Irritability+CoreDataClass.swift */; };
		B25408FA1EB114510012072D /* Irritability+CoreDataProperties.swift in Sources */ = {isa = PBXBuildFile; fileRef = B25408E41EB114510012072D /* Irritability+CoreDataProperties.swift */; };
		B25408FB1EB114510012072D /* Repetition+CoreDataClass.swift in Sources */ = {isa = PBXBuildFile; fileRef = B25408E51EB114510012072D /* Repetition+CoreDataClass.swift */; };
		B25408FC1EB114510012072D /* Repetition+CoreDataProperties.swift in Sources */ = {isa = PBXBuildFile; fileRef = B25408E61EB114510012072D /* Repetition+CoreDataProperties.swift */; };
		B25408FF1EB114510012072D /* SelfHarm+CoreDataClass.swift in Sources */ = {isa = PBXBuildFile; fileRef = B25408E91EB114510012072D /* SelfHarm+CoreDataClass.swift */; };
		B25409001EB114510012072D /* SelfHarm+CoreDataProperties.swift in Sources */ = {isa = PBXBuildFile; fileRef = B25408EA1EB114510012072D /* SelfHarm+CoreDataProperties.swift */; };
		B25409011EB114510012072D /* Defiance+CoreDataClass.swift in Sources */ = {isa = PBXBuildFile; fileRef = B25408EB1EB114510012072D /* Defiance+CoreDataClass.swift */; };
		B25409021EB114510012072D /* Defiance+CoreDataProperties.swift in Sources */ = {isa = PBXBuildFile; fileRef = B25408EC1EB114510012072D /* Defiance+CoreDataProperties.swift */; };
		B25409051EB114510012072D /* Tantrums+CoreDataClass.swift in Sources */ = {isa = PBXBuildFile; fileRef = B25408EF1EB114510012072D /* Tantrums+CoreDataClass.swift */; };
		B25409061EB114510012072D /* Tantrums+CoreDataProperties.swift in Sources */ = {isa = PBXBuildFile; fileRef = B25408F01EB114510012072D /* Tantrums+CoreDataProperties.swift */; };
		B25409071EB114510012072D /* Implusivity+CoreDataClass.swift in Sources */ = {isa = PBXBuildFile; fileRef = B25408F11EB114510012072D /* Implusivity+CoreDataClass.swift */; };
		B25409081EB114510012072D /* Implusivity+CoreDataProperties.swift in Sources */ = {isa = PBXBuildFile; fileRef = B25408F21EB114510012072D /* Implusivity+CoreDataProperties.swift */; };
		B25409091EB114510012072D /* AttentionSpan+CoreDataClass.swift in Sources */ = {isa = PBXBuildFile; fileRef = B25408F31EB114510012072D /* AttentionSpan+CoreDataClass.swift */; };
		B254090A1EB114510012072D /* AttentionSpan+CoreDataProperties.swift in Sources */ = {isa = PBXBuildFile; fileRef = B25408F41EB114510012072D /* AttentionSpan+CoreDataProperties.swift */; };
		B257979D1EB3BCF800946412 /* SleepQuality+CoreDataClass.swift in Sources */ = {isa = PBXBuildFile; fileRef = B25797991EB3BCF800946412 /* SleepQuality+CoreDataClass.swift */; };
		B257979E1EB3BCF800946412 /* SleepQuality+CoreDataProperties.swift in Sources */ = {isa = PBXBuildFile; fileRef = B257979A1EB3BCF800946412 /* SleepQuality+CoreDataProperties.swift */; };
		B257979F1EB3BCF800946412 /* SleepLength+CoreDataClass.swift in Sources */ = {isa = PBXBuildFile; fileRef = B257979B1EB3BCF800946412 /* SleepLength+CoreDataClass.swift */; };
		B25797A01EB3BCF800946412 /* SleepLength+CoreDataProperties.swift in Sources */ = {isa = PBXBuildFile; fileRef = B257979C1EB3BCF800946412 /* SleepLength+CoreDataProperties.swift */; };
		B28682711EAE761C002A768A /* angryFace.jpg in Resources */ = {isa = PBXBuildFile; fileRef = B28682511EAE761C002A768A /* angryFace.jpg */; };
		B28682721EAE761C002A768A /* anxiety.png in Resources */ = {isa = PBXBuildFile; fileRef = B28682521EAE761C002A768A /* anxiety.png */; };
		B28682741EAE761C002A768A /* brain.png in Resources */ = {isa = PBXBuildFile; fileRef = B28682541EAE761C002A768A /* brain.png */; };
		B28682751EAE761C002A768A /* cal2.png in Resources */ = {isa = PBXBuildFile; fileRef = B28682551EAE761C002A768A /* cal2.png */; };
		B28682761EAE761C002A768A /* calendar.png in Resources */ = {isa = PBXBuildFile; fileRef = B28682561EAE761C002A768A /* calendar.png */; };
		B28682771EAE761C002A768A /* clouds.png in Resources */ = {isa = PBXBuildFile; fileRef = B28682571EAE761C002A768A /* clouds.png */; };
		B28682791EAE761C002A768A /* diet.png in Resources */ = {isa = PBXBuildFile; fileRef = B28682591EAE761C002A768A /* diet.png */; };
		B286827A1EAE761C002A768A /* digestiveSystem.png in Resources */ = {isa = PBXBuildFile; fileRef = B286825A1EAE761C002A768A /* digestiveSystem.png */; };
		B286827B1EAE761C002A768A /* frustratedFace.png in Resources */ = {isa = PBXBuildFile; fileRef = B286825B1EAE761C002A768A /* frustratedFace.png */; };
		B286827D1EAE761C002A768A /* handshake.png in Resources */ = {isa = PBXBuildFile; fileRef = B286825D1EAE761C002A768A /* handshake.png */; };
		B286827E1EAE761C002A768A /* happy.png in Resources */ = {isa = PBXBuildFile; fileRef = B286825E1EAE761C002A768A /* happy.png */; };
		B286827F1EAE761C002A768A /* headache.png in Resources */ = {isa = PBXBuildFile; fileRef = B286825F1EAE761C002A768A /* headache.png */; };
		B28682801EAE761C002A768A /* health.png in Resources */ = {isa = PBXBuildFile; fileRef = B28682601EAE761C002A768A /* health.png */; };
		B28682811EAE761C002A768A /* irritability.png in Resources */ = {isa = PBXBuildFile; fileRef = B28682611EAE761C002A768A /* irritability.png */; };
		B28682821EAE761C002A768A /* lightning.png in Resources */ = {isa = PBXBuildFile; fileRef = B28682621EAE761C002A768A /* lightning.png */; };
		B28682831EAE761C002A768A /* lungs.png in Resources */ = {isa = PBXBuildFile; fileRef = B28682631EAE761C002A768A /* lungs.png */; };
		B28682841EAE761C002A768A /* mentalHealth.png in Resources */ = {isa = PBXBuildFile; fileRef = B28682641EAE761C002A768A /* mentalHealth.png */; };
		B28682851EAE761C002A768A /* neutralFace.png in Resources */ = {isa = PBXBuildFile; fileRef = B28682651EAE761C002A768A /* neutralFace.png */; };
		B28682861EAE761C002A768A /* poop.png in Resources */ = {isa = PBXBuildFile; fileRef = B28682661EAE761C002A768A /* poop.png */; };
		B28682871EAE761C002A768A /* refresh.png in Resources */ = {isa = PBXBuildFile; fileRef = B28682671EAE761C002A768A /* refresh.png */; };
		B28682881EAE761C002A768A /* sadFace.png in Resources */ = {isa = PBXBuildFile; fileRef = B28682681EAE761C002A768A /* sadFace.png */; };
		B28682891EAE761C002A768A /* sickFace.png in Resources */ = {isa = PBXBuildFile; fileRef = B28682691EAE761C002A768A /* sickFace.png */; };
		B286828A1EAE761C002A768A /* sleep.png in Resources */ = {isa = PBXBuildFile; fileRef = B286826A1EAE761C002A768A /* sleep.png */; };
		B286828B1EAE761C002A768A /* smile.png in Resources */ = {isa = PBXBuildFile; fileRef = B286826B1EAE761C002A768A /* smile.png */; };
		B286828C1EAE761C002A768A /* speech.png in Resources */ = {isa = PBXBuildFile; fileRef = B286826C1EAE761C002A768A /* speech.png */; };
		B286828D1EAE761C002A768A /* suprisedFace.png in Resources */ = {isa = PBXBuildFile; fileRef = B286826D1EAE761C002A768A /* suprisedFace.png */; };
		B286828E1EAE761C002A768A /* ticks.png in Resources */ = {isa = PBXBuildFile; fileRef = B286826E1EAE761C002A768A /* ticks.png */; };
		B286828F1EAE761C002A768A /* user.png in Resources */ = {isa = PBXBuildFile; fileRef = B286826F1EAE761C002A768A /* user.png */; };
		B28682901EAE761C002A768A /* waxingMoon.png in Resources */ = {isa = PBXBuildFile; fileRef = B28682701EAE761C002A768A /* waxingMoon.png */; };
		B29022D21EAFBCD60008391E /* Thompson Tracker Logo.png in Resources */ = {isa = PBXBuildFile; fileRef = B29022D11EAFBCD60008391E /* Thompson Tracker Logo.png */; };
		B29022D41EAFD77B0008391E /* gear.png in Resources */ = {isa = PBXBuildFile; fileRef = B29022D31EAFD77B0008391E /* gear.png */; };
		B29022D61EAFD7C90008391E /* dashboard.png in Resources */ = {isa = PBXBuildFile; fileRef = B29022D51EAFD7C90008391E /* dashboard.png */; };
		B29022D81EAFD8020008391E /* bargraph.png in Resources */ = {isa = PBXBuildFile; fileRef = B29022D71EAFD8020008391E /* bargraph.png */; };
		B29022DA1EAFD9050008391E /* barButtonIcon.png in Resources */ = {isa = PBXBuildFile; fileRef = B29022D91EAFD9050008391E /* barButtonIcon.png */; };
		B2A181EE1EAA9F38002FA82F /* GraphView.swift in Sources */ = {isa = PBXBuildFile; fileRef = B2A181ED1EAA9F38002FA82F /* GraphView.swift */; };
		B2A181F41EAD3BCC002FA82F /* GraphViewController.swift in Sources */ = {isa = PBXBuildFile; fileRef = B2A181F31EAD3BCC002FA82F /* GraphViewController.swift */; };
		B2A203651E9DD2EC000195BA /* AppDelegate.swift in Sources */ = {isa = PBXBuildFile; fileRef = B2A203641E9DD2EC000195BA /* AppDelegate.swift */; };
		B2A2036A1E9DD2EC000195BA /* Main.storyboard in Resources */ = {isa = PBXBuildFile; fileRef = B2A203681E9DD2EC000195BA /* Main.storyboard */; };
		B2A2036D1E9DD2EC000195BA /* ThompsonTracker.xcdatamodeld in Sources */ = {isa = PBXBuildFile; fileRef = B2A2036B1E9DD2EC000195BA /* ThompsonTracker.xcdatamodeld */; };
		B2A2036F1E9DD2EC000195BA /* Assets.xcassets in Resources */ = {isa = PBXBuildFile; fileRef = B2A2036E1E9DD2EC000195BA /* Assets.xcassets */; };
		B2A203721E9DD2EC000195BA /* LaunchScreen.storyboard in Resources */ = {isa = PBXBuildFile; fileRef = B2A203701E9DD2EC000195BA /* LaunchScreen.storyboard */; };
		B2A2037D1E9DD2EC000195BA /* ThompsonTrackerTests.swift in Sources */ = {isa = PBXBuildFile; fileRef = B2A2037C1E9DD2EC000195BA /* ThompsonTrackerTests.swift */; };
		B2A203881E9DD2EC000195BA /* ThompsonTrackerUITests.swift in Sources */ = {isa = PBXBuildFile; fileRef = B2A203871E9DD2EC000195BA /* ThompsonTrackerUITests.swift */; };
		B2A203A51E9DD4CF000195BA /* ConsentDocument.swift in Sources */ = {isa = PBXBuildFile; fileRef = B2A203A41E9DD4CF000195BA /* ConsentDocument.swift */; };
		B2A203A71E9DD6A9000195BA /* ConsentTask.swift in Sources */ = {isa = PBXBuildFile; fileRef = B2A203A61E9DD6A9000195BA /* ConsentTask.swift */; };
		B2A203BD1EA477E9000195BA /* DashDetailViewController.swift in Sources */ = {isa = PBXBuildFile; fileRef = B2A203BC1EA477E9000195BA /* DashDetailViewController.swift */; };
		B2A203FF1EA5381C000195BA /* ActivityTableViewCell.swift in Sources */ = {isa = PBXBuildFile; fileRef = B2A203FE1EA5381C000195BA /* ActivityTableViewCell.swift */; };
		B2A204011EA559CB000195BA /* DashboardViewController.swift in Sources */ = {isa = PBXBuildFile; fileRef = B2A204001EA559CB000195BA /* DashboardViewController.swift */; };
		B2A204031EA55C31000195BA /* DashboardCollectionViewCell.swift in Sources */ = {isa = PBXBuildFile; fileRef = B2A204021EA55C31000195BA /* DashboardCollectionViewCell.swift */; };
		B2CB50B11EB3E20D0075B04E /* Tremors+CoreDataClass.swift in Sources */ = {isa = PBXBuildFile; fileRef = B2CB50AF1EB3E20D0075B04E /* Tremors+CoreDataClass.swift */; };
		B2CB50B21EB3E20D0075B04E /* Tremors+CoreDataProperties.swift in Sources */ = {isa = PBXBuildFile; fileRef = B2CB50B01EB3E20D0075B04E /* Tremors+CoreDataProperties.swift */; };
		B2CB50BF1EB3E66D0075B04E /* Diet+CoreDataClass.swift in Sources */ = {isa = PBXBuildFile; fileRef = B2CB50B51EB3E66D0075B04E /* Diet+CoreDataClass.swift */; };
		B2CB50C01EB3E66D0075B04E /* Diet+CoreDataProperties.swift in Sources */ = {isa = PBXBuildFile; fileRef = B2CB50B61EB3E66D0075B04E /* Diet+CoreDataProperties.swift */; };
		B2CB50C11EB3E66D0075B04E /* StomachAche+CoreDataClass.swift in Sources */ = {isa = PBXBuildFile; fileRef = B2CB50B71EB3E66D0075B04E /* StomachAche+CoreDataClass.swift */; };
		B2CB50C21EB3E66D0075B04E /* StomachAche+CoreDataProperties.swift in Sources */ = {isa = PBXBuildFile; fileRef = B2CB50B81EB3E66D0075B04E /* StomachAche+CoreDataProperties.swift */; };
		B2CB50C31EB3E66D0075B04E /* RespiratoryIssues+CoreDataClass.swift in Sources */ = {isa = PBXBuildFile; fileRef = B2CB50B91EB3E66D0075B04E /* RespiratoryIssues+CoreDataClass.swift */; };
		B2CB50C41EB3E66D0075B04E /* RespiratoryIssues+CoreDataProperties.swift in Sources */ = {isa = PBXBuildFile; fileRef = B2CB50BA1EB3E66D0075B04E /* RespiratoryIssues+CoreDataProperties.swift */; };
		B2CB50C51EB3E66D0075B04E /* Diarrhea+CoreDataClass.swift in Sources */ = {isa = PBXBuildFile; fileRef = B2CB50BB1EB3E66D0075B04E /* Diarrhea+CoreDataClass.swift */; };
		B2CB50C61EB3E66D0075B04E /* Diarrhea+CoreDataProperties.swift in Sources */ = {isa = PBXBuildFile; fileRef = B2CB50BC1EB3E66D0075B04E /* Diarrhea+CoreDataProperties.swift */; };
		B2CB50C71EB3E66D0075B04E /* Headaches+CoreDataClass.swift in Sources */ = {isa = PBXBuildFile; fileRef = B2CB50BD1EB3E66D0075B04E /* Headaches+CoreDataClass.swift */; };
		B2CB50C81EB3E66D0075B04E /* Headaches+CoreDataProperties.swift in Sources */ = {isa = PBXBuildFile; fileRef = B2CB50BE1EB3E66D0075B04E /* Headaches+CoreDataProperties.swift */; };
		B2CB50DB1EB447C40075B04E /* Angry+CoreDataClass.swift in Sources */ = {isa = PBXBuildFile; fileRef = B2CB50CF1EB447C40075B04E /* Angry+CoreDataClass.swift */; };
		B2CB50DC1EB447C40075B04E /* Angry+CoreDataProperties.swift in Sources */ = {isa = PBXBuildFile; fileRef = B2CB50D01EB447C40075B04E /* Angry+CoreDataProperties.swift */; };
		B2CB50DD1EB447C40075B04E /* Happy+CoreDataClass.swift in Sources */ = {isa = PBXBuildFile; fileRef = B2CB50D11EB447C40075B04E /* Happy+CoreDataClass.swift */; };
		B2CB50DE1EB447C40075B04E /* Happy+CoreDataProperties.swift in Sources */ = {isa = PBXBuildFile; fileRef = B2CB50D21EB447C40075B04E /* Happy+CoreDataProperties.swift */; };
		B2CB50DF1EB447C40075B04E /* Sad+CoreDataClass.swift in Sources */ = {isa = PBXBuildFile; fileRef = B2CB50D31EB447C40075B04E /* Sad+CoreDataClass.swift */; };
		B2CB50E01EB447C40075B04E /* Sad+CoreDataProperties.swift in Sources */ = {isa = PBXBuildFile; fileRef = B2CB50D41EB447C40075B04E /* Sad+CoreDataProperties.swift */; };
		B2CB51291EB7AD0D0075B04E /* behaviors@3x.png in Resources */ = {isa = PBXBuildFile; fileRef = B2CB51101EB7AD0D0075B04E /* behaviors@3x.png */; };
		B2CB512A1EB7AD0D0075B04E /* Defiant@3x.png in Resources */ = {isa = PBXBuildFile; fileRef = B2CB51111EB7AD0D0075B04E /* Defiant@3x.png */; };
		B2CB512B1EB7AD0D0075B04E /* Hyperactivity@3x.png in Resources */ = {isa = PBXBuildFile; fileRef = B2CB51121EB7AD0D0075B04E /* Hyperactivity@3x.png */; };
		B2CB512C1EB7AD0D0075B04E /* impulsivity@3x.png in Resources */ = {isa = PBXBuildFile; fileRef = B2CB51131EB7AD0D0075B04E /* impulsivity@3x.png */; };
		B2CB512D1EB7AD0D0075B04E /* self harm@3x.png in Resources */ = {isa = PBXBuildFile; fileRef = B2CB51141EB7AD0D0075B04E /* self harm@3x.png */; };
		B2CB512E1EB7AD0D0075B04E /* short attention span@3x.png in Resources */ = {isa = PBXBuildFile; fileRef = B2CB51151EB7AD0D0075B04E /* short attention span@3x.png */; };
		B2CB512F1EB7AD0D0075B04E /* Tantrums@3x.png in Resources */ = {isa = PBXBuildFile; fileRef = B2CB51161EB7AD0D0075B04E /* Tantrums@3x.png */; };
		B2CB51301EB7AD0D0075B04E /* behaviorHead@3x.png in Resources */ = {isa = PBXBuildFile; fileRef = B2CB51171EB7AD0D0075B04E /* behaviorHead@3x.png */; };
		B2CB51311EB7AD0D0075B04E /* Diarrhea@3x.png in Resources */ = {isa = PBXBuildFile; fileRef = B2CB51191EB7AD0D0075B04E /* Diarrhea@3x.png */; };
		B2CB51321EB7AD0D0075B04E /* Diet Problems@3x.png in Resources */ = {isa = PBXBuildFile; fileRef = B2CB511A1EB7AD0D0075B04E /* Diet Problems@3x.png */; };
		B2CB51331EB7AD0D0075B04E /* Headaches@3x.png in Resources */ = {isa = PBXBuildFile; fileRef = B2CB511B1EB7AD0D0075B04E /* Headaches@3x.png */; };
		B2CB51341EB7AD0D0075B04E /* Seizures@3x.png in Resources */ = {isa = PBXBuildFile; fileRef = B2CB511C1EB7AD0D0075B04E /* Seizures@3x.png */; };
		B2CB51351EB7AD0D0075B04E /* Stomach Ache@3x.png in Resources */ = {isa = PBXBuildFile; fileRef = B2CB511D1EB7AD0D0075B04E /* Stomach Ache@3x.png */; };
		B2CB51361EB7AD0D0075B04E /* health problems@3x.png in Resources */ = {isa = PBXBuildFile; fileRef = B2CB511E1EB7AD0D0075B04E /* health problems@3x.png */; };
		B2CB51371EB7AD0D0075B04E /* Angry.png in Resources */ = {isa = PBXBuildFile; fileRef = B2CB51201EB7AD0D0075B04E /* Angry.png */; };
		B2CB51381EB7AD0D0075B04E /* Anxious.png in Resources */ = {isa = PBXBuildFile; fileRef = B2CB51211EB7AD0D0075B04E /* Anxious.png */; };
		B2CB51391EB7AD0D0075B04E /* Calm.png in Resources */ = {isa = PBXBuildFile; fileRef = B2CB51221EB7AD0D0075B04E /* Calm.png */; };
		B2CB513A1EB7AD0D0075B04E /* Excited.png in Resources */ = {isa = PBXBuildFile; fileRef = B2CB51231EB7AD0D0075B04E /* Excited.png */; };
		B2CB513B1EB7AD0D0075B04E /* happy.png in Resources */ = {isa = PBXBuildFile; fileRef = B2CB51241EB7AD0D0075B04E /* happy.png */; };
		B2CB513C1EB7AD0D0075B04E /* irritable.png in Resources */ = {isa = PBXBuildFile; fileRef = B2CB51251EB7AD0D0075B04E /* irritable.png */; };
		B2CB513D1EB7AD0D0075B04E /* sad.png in Resources */ = {isa = PBXBuildFile; fileRef = B2CB51261EB7AD0D0075B04E /* sad.png */; };
		B2CB513E1EB7AD0D0075B04E /* mood.png in Resources */ = {isa = PBXBuildFile; fileRef = B2CB51271EB7AD0D0075B04E /* mood.png */; };
		B2CB513F1EB7AD0D0075B04E /* sleep@3x.png in Resources */ = {isa = PBXBuildFile; fileRef = B2CB51281EB7AD0D0075B04E /* sleep@3x.png */; };
		B2CB51461EB7F0FB0075B04E /* Calm+CoreDataClass.swift in Sources */ = {isa = PBXBuildFile; fileRef = B2CB51421EB7F0FB0075B04E /* Calm+CoreDataClass.swift */; };
		B2CB51471EB7F0FB0075B04E /* Calm+CoreDataProperties.swift in Sources */ = {isa = PBXBuildFile; fileRef = B2CB51431EB7F0FB0075B04E /* Calm+CoreDataProperties.swift */; };
		B2CB51481EB7F0FB0075B04E /* Excited+CoreDataClass.swift in Sources */ = {isa = PBXBuildFile; fileRef = B2CB51441EB7F0FB0075B04E /* Excited+CoreDataClass.swift */; };
		B2CB51491EB7F0FB0075B04E /* Excited+CoreDataProperties.swift in Sources */ = {isa = PBXBuildFile; fileRef = B2CB51451EB7F0FB0075B04E /* Excited+CoreDataProperties.swift */; };
		B2D194541EB9972A00230A03 /* ResearchKit.framework in Frameworks */ = {isa = PBXBuildFile; fileRef = B2CB51581EB997010075B04E /* ResearchKit.framework */; };
		B2D194551EB9972A00230A03 /* ResearchKit.framework in Embed Frameworks */ = {isa = PBXBuildFile; fileRef = B2CB51581EB997010075B04E /* ResearchKit.framework */; settings = {ATTRIBUTES = (CodeSignOnCopy, RemoveHeadersOnCopy, ); }; };
		B2D1945A1EB9998000230A03 /* Child+CoreDataClass.swift in Sources */ = {isa = PBXBuildFile; fileRef = B2D194581EB9998000230A03 /* Child+CoreDataClass.swift */; };
		B2D1945B1EB9998000230A03 /* Child+CoreDataProperties.swift in Sources */ = {isa = PBXBuildFile; fileRef = B2D194591EB9998000230A03 /* Child+CoreDataProperties.swift */; };
		B2D194651EBA459000230A03 /* selfHarmFixed.png in Resources */ = {isa = PBXBuildFile; fileRef = B2D194641EBA459000230A03 /* selfHarmFixed.png */; };
		B2EA852A1EA5C10100B4E689 /* BehaviourTasks.swift in Sources */ = {isa = PBXBuildFile; fileRef = B2EA85291EA5C10100B4E689 /* BehaviourTasks.swift */; };
/* End PBXBuildFile section */

/* Begin PBXContainerItemProxy section */
		B2A203791E9DD2EC000195BA /* PBXContainerItemProxy */ = {
			isa = PBXContainerItemProxy;
			containerPortal = B2A203591E9DD2EC000195BA /* Project object */;
			proxyType = 1;
			remoteGlobalIDString = B2A203601E9DD2EC000195BA;
			remoteInfo = ThompsonTracker;
		};
		B2A203841E9DD2EC000195BA /* PBXContainerItemProxy */ = {
			isa = PBXContainerItemProxy;
			containerPortal = B2A203591E9DD2EC000195BA /* Project object */;
			proxyType = 1;
			remoteGlobalIDString = B2A203601E9DD2EC000195BA;
			remoteInfo = ThompsonTracker;
		};
		B2CB51571EB997010075B04E /* PBXContainerItemProxy */ = {
			isa = PBXContainerItemProxy;
			containerPortal = B2CB51511EB997000075B04E /* ResearchKit.xcodeproj */;
			proxyType = 2;
			remoteGlobalIDString = B183A5951A8535D100C76870;
			remoteInfo = ResearchKit;
		};
		B2CB51591EB997010075B04E /* PBXContainerItemProxy */ = {
			isa = PBXContainerItemProxy;
			containerPortal = B2CB51511EB997000075B04E /* ResearchKit.xcodeproj */;
			proxyType = 2;
			remoteGlobalIDString = 86CC8E9A1AC09332001CCD89;
			remoteInfo = ResearchKitTests;
		};
		B2D194561EB9972A00230A03 /* PBXContainerItemProxy */ = {
			isa = PBXContainerItemProxy;
			containerPortal = B2CB51511EB997000075B04E /* ResearchKit.xcodeproj */;
			proxyType = 1;
			remoteGlobalIDString = B183A4731A8535D100C76870;
			remoteInfo = ResearchKit;
		};
/* End PBXContainerItemProxy section */

/* Begin PBXCopyFilesBuildPhase section */
		B2CB50F91EB7A4C20075B04E /* Embed Frameworks */ = {
			isa = PBXCopyFilesBuildPhase;
			buildActionMask = 2147483647;
			dstPath = "";
			dstSubfolderSpec = 10;
			files = (
				B2D194551EB9972A00230A03 /* ResearchKit.framework in Embed Frameworks */,
			);
			name = "Embed Frameworks";
			runOnlyForDeploymentPostprocessing = 0;
		};
/* End PBXCopyFilesBuildPhase section */

/* Begin PBXFileReference section */
		710B71331EB2BA0A009D4262 /* AddPatientViewController.swift */ = {isa = PBXFileReference; fileEncoding = 4; lastKnownFileType = sourcecode.swift; path = AddPatientViewController.swift; sourceTree = "<group>"; };
		719832231EB1125E002BC697 /* PatientViewController.swift */ = {isa = PBXFileReference; fileEncoding = 4; lastKnownFileType = sourcecode.swift; path = PatientViewController.swift; sourceTree = "<group>"; };
		719832251EB1126C002BC697 /* PatientTableViewCell.swift */ = {isa = PBXFileReference; fileEncoding = 4; lastKnownFileType = sourcecode.swift; path = PatientTableViewCell.swift; sourceTree = "<group>"; };
		B211F0061EBB9D7400BA37F8 /* GraphTableViewCell.swift */ = {isa = PBXFileReference; fileEncoding = 4; lastKnownFileType = sourcecode.swift; path = GraphTableViewCell.swift; sourceTree = "<group>"; };
		B217C50D1EA97F9700AE6BCD /* Model.swift */ = {isa = PBXFileReference; fileEncoding = 4; lastKnownFileType = sourcecode.swift; path = Model.swift; sourceTree = "<group>"; };
		B217C50F1EA9831600AE6BCD /* Activity+CoreDataClass.swift */ = {isa = PBXFileReference; fileEncoding = 4; lastKnownFileType = sourcecode.swift; path = "Activity+CoreDataClass.swift"; sourceTree = "<group>"; };
		B217C5101EA9831600AE6BCD /* Activity+CoreDataProperties.swift */ = {isa = PBXFileReference; fileEncoding = 4; lastKnownFileType = sourcecode.swift; path = "Activity+CoreDataProperties.swift"; sourceTree = "<group>"; };
		B217C5111EA9831600AE6BCD /* Hyperactivity+CoreDataClass.swift */ = {isa = PBXFileReference; fileEncoding = 4; lastKnownFileType = sourcecode.swift; path = "Hyperactivity+CoreDataClass.swift"; sourceTree = "<group>"; };
		B217C5121EA9831600AE6BCD /* Hyperactivity+CoreDataProperties.swift */ = {isa = PBXFileReference; fileEncoding = 4; lastKnownFileType = sourcecode.swift; path = "Hyperactivity+CoreDataProperties.swift"; sourceTree = "<group>"; };
		B217C5171EAA73A100AE6BCD /* CustomLayout.swift */ = {isa = PBXFileReference; fileEncoding = 4; lastKnownFileType = sourcecode.swift; path = CustomLayout.swift; sourceTree = "<group>"; };
		B25408DF1EB114510012072D /* Anxiety+CoreDataClass.swift */ = {isa = PBXFileReference; fileEncoding = 4; lastKnownFileType = sourcecode.swift; path = "Anxiety+CoreDataClass.swift"; sourceTree = "<group>"; };
		B25408E01EB114510012072D /* Anxiety+CoreDataProperties.swift */ = {isa = PBXFileReference; fileEncoding = 4; lastKnownFileType = sourcecode.swift; path = "Anxiety+CoreDataProperties.swift"; sourceTree = "<group>"; };
		B25408E31EB114510012072D /* Irritability+CoreDataClass.swift */ = {isa = PBXFileReference; fileEncoding = 4; lastKnownFileType = sourcecode.swift; path = "Irritability+CoreDataClass.swift"; sourceTree = "<group>"; };
		B25408E41EB114510012072D /* Irritability+CoreDataProperties.swift */ = {isa = PBXFileReference; fileEncoding = 4; lastKnownFileType = sourcecode.swift; path = "Irritability+CoreDataProperties.swift"; sourceTree = "<group>"; };
		B25408E51EB114510012072D /* Repetition+CoreDataClass.swift */ = {isa = PBXFileReference; fileEncoding = 4; lastKnownFileType = sourcecode.swift; path = "Repetition+CoreDataClass.swift"; sourceTree = "<group>"; };
		B25408E61EB114510012072D /* Repetition+CoreDataProperties.swift */ = {isa = PBXFileReference; fileEncoding = 4; lastKnownFileType = sourcecode.swift; path = "Repetition+CoreDataProperties.swift"; sourceTree = "<group>"; };
		B25408E91EB114510012072D /* SelfHarm+CoreDataClass.swift */ = {isa = PBXFileReference; fileEncoding = 4; lastKnownFileType = sourcecode.swift; path = "SelfHarm+CoreDataClass.swift"; sourceTree = "<group>"; };
		B25408EA1EB114510012072D /* SelfHarm+CoreDataProperties.swift */ = {isa = PBXFileReference; fileEncoding = 4; lastKnownFileType = sourcecode.swift; path = "SelfHarm+CoreDataProperties.swift"; sourceTree = "<group>"; };
		B25408EB1EB114510012072D /* Defiance+CoreDataClass.swift */ = {isa = PBXFileReference; fileEncoding = 4; lastKnownFileType = sourcecode.swift; path = "Defiance+CoreDataClass.swift"; sourceTree = "<group>"; };
		B25408EC1EB114510012072D /* Defiance+CoreDataProperties.swift */ = {isa = PBXFileReference; fileEncoding = 4; lastKnownFileType = sourcecode.swift; path = "Defiance+CoreDataProperties.swift"; sourceTree = "<group>"; };
		B25408EF1EB114510012072D /* Tantrums+CoreDataClass.swift */ = {isa = PBXFileReference; fileEncoding = 4; lastKnownFileType = sourcecode.swift; path = "Tantrums+CoreDataClass.swift"; sourceTree = "<group>"; };
		B25408F01EB114510012072D /* Tantrums+CoreDataProperties.swift */ = {isa = PBXFileReference; fileEncoding = 4; lastKnownFileType = sourcecode.swift; path = "Tantrums+CoreDataProperties.swift"; sourceTree = "<group>"; };
		B25408F11EB114510012072D /* Implusivity+CoreDataClass.swift */ = {isa = PBXFileReference; fileEncoding = 4; lastKnownFileType = sourcecode.swift; path = "Implusivity+CoreDataClass.swift"; sourceTree = "<group>"; };
		B25408F21EB114510012072D /* Implusivity+CoreDataProperties.swift */ = {isa = PBXFileReference; fileEncoding = 4; lastKnownFileType = sourcecode.swift; path = "Implusivity+CoreDataProperties.swift"; sourceTree = "<group>"; };
		B25408F31EB114510012072D /* AttentionSpan+CoreDataClass.swift */ = {isa = PBXFileReference; fileEncoding = 4; lastKnownFileType = sourcecode.swift; path = "AttentionSpan+CoreDataClass.swift"; sourceTree = "<group>"; };
		B25408F41EB114510012072D /* AttentionSpan+CoreDataProperties.swift */ = {isa = PBXFileReference; fileEncoding = 4; lastKnownFileType = sourcecode.swift; path = "AttentionSpan+CoreDataProperties.swift"; sourceTree = "<group>"; };
		B25797991EB3BCF800946412 /* SleepQuality+CoreDataClass.swift */ = {isa = PBXFileReference; fileEncoding = 4; lastKnownFileType = sourcecode.swift; path = "SleepQuality+CoreDataClass.swift"; sourceTree = "<group>"; };
		B257979A1EB3BCF800946412 /* SleepQuality+CoreDataProperties.swift */ = {isa = PBXFileReference; fileEncoding = 4; lastKnownFileType = sourcecode.swift; path = "SleepQuality+CoreDataProperties.swift"; sourceTree = "<group>"; };
		B257979B1EB3BCF800946412 /* SleepLength+CoreDataClass.swift */ = {isa = PBXFileReference; fileEncoding = 4; lastKnownFileType = sourcecode.swift; path = "SleepLength+CoreDataClass.swift"; sourceTree = "<group>"; };
		B257979C1EB3BCF800946412 /* SleepLength+CoreDataProperties.swift */ = {isa = PBXFileReference; fileEncoding = 4; lastKnownFileType = sourcecode.swift; path = "SleepLength+CoreDataProperties.swift"; sourceTree = "<group>"; };
		B28682511EAE761C002A768A /* angryFace.jpg */ = {isa = PBXFileReference; lastKnownFileType = image.jpeg; path = angryFace.jpg; sourceTree = "<group>"; };
		B28682521EAE761C002A768A /* anxiety.png */ = {isa = PBXFileReference; lastKnownFileType = image.png; path = anxiety.png; sourceTree = "<group>"; };
		B28682541EAE761C002A768A /* brain.png */ = {isa = PBXFileReference; lastKnownFileType = image.png; path = brain.png; sourceTree = "<group>"; };
		B28682551EAE761C002A768A /* cal2.png */ = {isa = PBXFileReference; lastKnownFileType = image.png; path = cal2.png; sourceTree = "<group>"; };
		B28682561EAE761C002A768A /* calendar.png */ = {isa = PBXFileReference; lastKnownFileType = image.png; path = calendar.png; sourceTree = "<group>"; };
		B28682571EAE761C002A768A /* clouds.png */ = {isa = PBXFileReference; lastKnownFileType = image.png; path = clouds.png; sourceTree = "<group>"; };
		B28682591EAE761C002A768A /* diet.png */ = {isa = PBXFileReference; lastKnownFileType = image.png; path = diet.png; sourceTree = "<group>"; };
		B286825A1EAE761C002A768A /* digestiveSystem.png */ = {isa = PBXFileReference; lastKnownFileType = image.png; path = digestiveSystem.png; sourceTree = "<group>"; };
		B286825B1EAE761C002A768A /* frustratedFace.png */ = {isa = PBXFileReference; lastKnownFileType = image.png; path = frustratedFace.png; sourceTree = "<group>"; };
		B286825D1EAE761C002A768A /* handshake.png */ = {isa = PBXFileReference; lastKnownFileType = image.png; path = handshake.png; sourceTree = "<group>"; };
		B286825E1EAE761C002A768A /* happy.png */ = {isa = PBXFileReference; lastKnownFileType = image.png; path = happy.png; sourceTree = "<group>"; };
		B286825F1EAE761C002A768A /* headache.png */ = {isa = PBXFileReference; lastKnownFileType = image.png; path = headache.png; sourceTree = "<group>"; };
		B28682601EAE761C002A768A /* health.png */ = {isa = PBXFileReference; lastKnownFileType = image.png; path = health.png; sourceTree = "<group>"; };
		B28682611EAE761C002A768A /* irritability.png */ = {isa = PBXFileReference; lastKnownFileType = image.png; path = irritability.png; sourceTree = "<group>"; };
		B28682621EAE761C002A768A /* lightning.png */ = {isa = PBXFileReference; lastKnownFileType = image.png; path = lightning.png; sourceTree = "<group>"; };
		B28682631EAE761C002A768A /* lungs.png */ = {isa = PBXFileReference; lastKnownFileType = image.png; path = lungs.png; sourceTree = "<group>"; };
		B28682641EAE761C002A768A /* mentalHealth.png */ = {isa = PBXFileReference; lastKnownFileType = image.png; path = mentalHealth.png; sourceTree = "<group>"; };
		B28682651EAE761C002A768A /* neutralFace.png */ = {isa = PBXFileReference; lastKnownFileType = image.png; path = neutralFace.png; sourceTree = "<group>"; };
		B28682661EAE761C002A768A /* poop.png */ = {isa = PBXFileReference; lastKnownFileType = image.png; path = poop.png; sourceTree = "<group>"; };
		B28682671EAE761C002A768A /* refresh.png */ = {isa = PBXFileReference; lastKnownFileType = image.png; path = refresh.png; sourceTree = "<group>"; };
		B28682681EAE761C002A768A /* sadFace.png */ = {isa = PBXFileReference; lastKnownFileType = image.png; path = sadFace.png; sourceTree = "<group>"; };
		B28682691EAE761C002A768A /* sickFace.png */ = {isa = PBXFileReference; lastKnownFileType = image.png; path = sickFace.png; sourceTree = "<group>"; };
		B286826A1EAE761C002A768A /* sleep.png */ = {isa = PBXFileReference; lastKnownFileType = image.png; path = sleep.png; sourceTree = "<group>"; };
		B286826B1EAE761C002A768A /* smile.png */ = {isa = PBXFileReference; lastKnownFileType = image.png; path = smile.png; sourceTree = "<group>"; };
		B286826C1EAE761C002A768A /* speech.png */ = {isa = PBXFileReference; lastKnownFileType = image.png; path = speech.png; sourceTree = "<group>"; };
		B286826D1EAE761C002A768A /* suprisedFace.png */ = {isa = PBXFileReference; lastKnownFileType = image.png; path = suprisedFace.png; sourceTree = "<group>"; };
		B286826E1EAE761C002A768A /* ticks.png */ = {isa = PBXFileReference; lastKnownFileType = image.png; path = ticks.png; sourceTree = "<group>"; };
		B286826F1EAE761C002A768A /* user.png */ = {isa = PBXFileReference; lastKnownFileType = image.png; path = user.png; sourceTree = "<group>"; };
		B28682701EAE761C002A768A /* waxingMoon.png */ = {isa = PBXFileReference; lastKnownFileType = image.png; path = waxingMoon.png; sourceTree = "<group>"; };
		B29022D11EAFBCD60008391E /* Thompson Tracker Logo.png */ = {isa = PBXFileReference; lastKnownFileType = image.png; path = "Thompson Tracker Logo.png"; sourceTree = "<group>"; };
		B29022D31EAFD77B0008391E /* gear.png */ = {isa = PBXFileReference; lastKnownFileType = image.png; path = gear.png; sourceTree = "<group>"; };
		B29022D51EAFD7C90008391E /* dashboard.png */ = {isa = PBXFileReference; lastKnownFileType = image.png; path = dashboard.png; sourceTree = "<group>"; };
		B29022D71EAFD8020008391E /* bargraph.png */ = {isa = PBXFileReference; lastKnownFileType = image.png; path = bargraph.png; sourceTree = "<group>"; };
		B29022D91EAFD9050008391E /* barButtonIcon.png */ = {isa = PBXFileReference; lastKnownFileType = image.png; path = barButtonIcon.png; sourceTree = "<group>"; };
		B2A181ED1EAA9F38002FA82F /* GraphView.swift */ = {isa = PBXFileReference; fileEncoding = 4; lastKnownFileType = sourcecode.swift; path = GraphView.swift; sourceTree = "<group>"; };
		B2A181F31EAD3BCC002FA82F /* GraphViewController.swift */ = {isa = PBXFileReference; fileEncoding = 4; lastKnownFileType = sourcecode.swift; path = GraphViewController.swift; sourceTree = "<group>"; };
		B2A203611E9DD2EC000195BA /* ThompsonTracker.app */ = {isa = PBXFileReference; explicitFileType = wrapper.application; includeInIndex = 0; path = ThompsonTracker.app; sourceTree = BUILT_PRODUCTS_DIR; };
		B2A203641E9DD2EC000195BA /* AppDelegate.swift */ = {isa = PBXFileReference; lastKnownFileType = sourcecode.swift; path = AppDelegate.swift; sourceTree = "<group>"; };
		B2A203691E9DD2EC000195BA /* Base */ = {isa = PBXFileReference; lastKnownFileType = file.storyboard; name = Base; path = Base.lproj/Main.storyboard; sourceTree = "<group>"; };
		B2A2036C1E9DD2EC000195BA /* ThompsonTracker.xcdatamodel */ = {isa = PBXFileReference; lastKnownFileType = wrapper.xcdatamodel; path = ThompsonTracker.xcdatamodel; sourceTree = "<group>"; };
		B2A2036E1E9DD2EC000195BA /* Assets.xcassets */ = {isa = PBXFileReference; lastKnownFileType = folder.assetcatalog; path = Assets.xcassets; sourceTree = "<group>"; };
		B2A203711E9DD2EC000195BA /* Base */ = {isa = PBXFileReference; lastKnownFileType = file.storyboard; name = Base; path = Base.lproj/LaunchScreen.storyboard; sourceTree = "<group>"; };
		B2A203731E9DD2EC000195BA /* Info.plist */ = {isa = PBXFileReference; lastKnownFileType = text.plist.xml; path = Info.plist; sourceTree = "<group>"; };
		B2A203781E9DD2EC000195BA /* ThompsonTrackerTests.xctest */ = {isa = PBXFileReference; explicitFileType = wrapper.cfbundle; includeInIndex = 0; path = ThompsonTrackerTests.xctest; sourceTree = BUILT_PRODUCTS_DIR; };
		B2A2037C1E9DD2EC000195BA /* ThompsonTrackerTests.swift */ = {isa = PBXFileReference; lastKnownFileType = sourcecode.swift; path = ThompsonTrackerTests.swift; sourceTree = "<group>"; };
		B2A2037E1E9DD2EC000195BA /* Info.plist */ = {isa = PBXFileReference; lastKnownFileType = text.plist.xml; path = Info.plist; sourceTree = "<group>"; };
		B2A203831E9DD2EC000195BA /* ThompsonTrackerUITests.xctest */ = {isa = PBXFileReference; explicitFileType = wrapper.cfbundle; includeInIndex = 0; path = ThompsonTrackerUITests.xctest; sourceTree = BUILT_PRODUCTS_DIR; };
		B2A203871E9DD2EC000195BA /* ThompsonTrackerUITests.swift */ = {isa = PBXFileReference; lastKnownFileType = sourcecode.swift; path = ThompsonTrackerUITests.swift; sourceTree = "<group>"; };
		B2A203891E9DD2EC000195BA /* Info.plist */ = {isa = PBXFileReference; lastKnownFileType = text.plist.xml; path = Info.plist; sourceTree = "<group>"; };
		B2A203A41E9DD4CF000195BA /* ConsentDocument.swift */ = {isa = PBXFileReference; fileEncoding = 4; lastKnownFileType = sourcecode.swift; path = ConsentDocument.swift; sourceTree = "<group>"; };
		B2A203A61E9DD6A9000195BA /* ConsentTask.swift */ = {isa = PBXFileReference; fileEncoding = 4; lastKnownFileType = sourcecode.swift; path = ConsentTask.swift; sourceTree = "<group>"; };
		B2A203BC1EA477E9000195BA /* DashDetailViewController.swift */ = {isa = PBXFileReference; fileEncoding = 4; lastKnownFileType = sourcecode.swift; path = DashDetailViewController.swift; sourceTree = "<group>"; };
		B2A203FE1EA5381C000195BA /* ActivityTableViewCell.swift */ = {isa = PBXFileReference; fileEncoding = 4; lastKnownFileType = sourcecode.swift; path = ActivityTableViewCell.swift; sourceTree = "<group>"; };
		B2A204001EA559CB000195BA /* DashboardViewController.swift */ = {isa = PBXFileReference; fileEncoding = 4; lastKnownFileType = sourcecode.swift; path = DashboardViewController.swift; sourceTree = "<group>"; };
		B2A204021EA55C31000195BA /* DashboardCollectionViewCell.swift */ = {isa = PBXFileReference; fileEncoding = 4; lastKnownFileType = sourcecode.swift; path = DashboardCollectionViewCell.swift; sourceTree = "<group>"; };
		B2CB50AF1EB3E20D0075B04E /* Tremors+CoreDataClass.swift */ = {isa = PBXFileReference; fileEncoding = 4; lastKnownFileType = sourcecode.swift; path = "Tremors+CoreDataClass.swift"; sourceTree = "<group>"; };
		B2CB50B01EB3E20D0075B04E /* Tremors+CoreDataProperties.swift */ = {isa = PBXFileReference; fileEncoding = 4; lastKnownFileType = sourcecode.swift; path = "Tremors+CoreDataProperties.swift"; sourceTree = "<group>"; };
		B2CB50B51EB3E66D0075B04E /* Diet+CoreDataClass.swift */ = {isa = PBXFileReference; fileEncoding = 4; lastKnownFileType = sourcecode.swift; path = "Diet+CoreDataClass.swift"; sourceTree = "<group>"; };
		B2CB50B61EB3E66D0075B04E /* Diet+CoreDataProperties.swift */ = {isa = PBXFileReference; fileEncoding = 4; lastKnownFileType = sourcecode.swift; path = "Diet+CoreDataProperties.swift"; sourceTree = "<group>"; };
		B2CB50B71EB3E66D0075B04E /* StomachAche+CoreDataClass.swift */ = {isa = PBXFileReference; fileEncoding = 4; lastKnownFileType = sourcecode.swift; path = "StomachAche+CoreDataClass.swift"; sourceTree = "<group>"; };
		B2CB50B81EB3E66D0075B04E /* StomachAche+CoreDataProperties.swift */ = {isa = PBXFileReference; fileEncoding = 4; lastKnownFileType = sourcecode.swift; path = "StomachAche+CoreDataProperties.swift"; sourceTree = "<group>"; };
		B2CB50B91EB3E66D0075B04E /* RespiratoryIssues+CoreDataClass.swift */ = {isa = PBXFileReference; fileEncoding = 4; lastKnownFileType = sourcecode.swift; path = "RespiratoryIssues+CoreDataClass.swift"; sourceTree = "<group>"; };
		B2CB50BA1EB3E66D0075B04E /* RespiratoryIssues+CoreDataProperties.swift */ = {isa = PBXFileReference; fileEncoding = 4; lastKnownFileType = sourcecode.swift; path = "RespiratoryIssues+CoreDataProperties.swift"; sourceTree = "<group>"; };
		B2CB50BB1EB3E66D0075B04E /* Diarrhea+CoreDataClass.swift */ = {isa = PBXFileReference; fileEncoding = 4; lastKnownFileType = sourcecode.swift; path = "Diarrhea+CoreDataClass.swift"; sourceTree = "<group>"; };
		B2CB50BC1EB3E66D0075B04E /* Diarrhea+CoreDataProperties.swift */ = {isa = PBXFileReference; fileEncoding = 4; lastKnownFileType = sourcecode.swift; path = "Diarrhea+CoreDataProperties.swift"; sourceTree = "<group>"; };
		B2CB50BD1EB3E66D0075B04E /* Headaches+CoreDataClass.swift */ = {isa = PBXFileReference; fileEncoding = 4; lastKnownFileType = sourcecode.swift; path = "Headaches+CoreDataClass.swift"; sourceTree = "<group>"; };
		B2CB50BE1EB3E66D0075B04E /* Headaches+CoreDataProperties.swift */ = {isa = PBXFileReference; fileEncoding = 4; lastKnownFileType = sourcecode.swift; path = "Headaches+CoreDataProperties.swift"; sourceTree = "<group>"; };
		B2CB50CF1EB447C40075B04E /* Angry+CoreDataClass.swift */ = {isa = PBXFileReference; fileEncoding = 4; lastKnownFileType = sourcecode.swift; path = "Angry+CoreDataClass.swift"; sourceTree = "<group>"; };
		B2CB50D01EB447C40075B04E /* Angry+CoreDataProperties.swift */ = {isa = PBXFileReference; fileEncoding = 4; lastKnownFileType = sourcecode.swift; path = "Angry+CoreDataProperties.swift"; sourceTree = "<group>"; };
		B2CB50D11EB447C40075B04E /* Happy+CoreDataClass.swift */ = {isa = PBXFileReference; fileEncoding = 4; lastKnownFileType = sourcecode.swift; path = "Happy+CoreDataClass.swift"; sourceTree = "<group>"; };
		B2CB50D21EB447C40075B04E /* Happy+CoreDataProperties.swift */ = {isa = PBXFileReference; fileEncoding = 4; lastKnownFileType = sourcecode.swift; path = "Happy+CoreDataProperties.swift"; sourceTree = "<group>"; };
		B2CB50D31EB447C40075B04E /* Sad+CoreDataClass.swift */ = {isa = PBXFileReference; fileEncoding = 4; lastKnownFileType = sourcecode.swift; path = "Sad+CoreDataClass.swift"; sourceTree = "<group>"; };
		B2CB50D41EB447C40075B04E /* Sad+CoreDataProperties.swift */ = {isa = PBXFileReference; fileEncoding = 4; lastKnownFileType = sourcecode.swift; path = "Sad+CoreDataProperties.swift"; sourceTree = "<group>"; };
		B2CB51101EB7AD0D0075B04E /* behaviors@3x.png */ = {isa = PBXFileReference; lastKnownFileType = image.png; path = "behaviors@3x.png"; sourceTree = "<group>"; };
		B2CB51111EB7AD0D0075B04E /* Defiant@3x.png */ = {isa = PBXFileReference; lastKnownFileType = image.png; path = "Defiant@3x.png"; sourceTree = "<group>"; };
		B2CB51121EB7AD0D0075B04E /* Hyperactivity@3x.png */ = {isa = PBXFileReference; lastKnownFileType = image.png; path = "Hyperactivity@3x.png"; sourceTree = "<group>"; };
		B2CB51131EB7AD0D0075B04E /* impulsivity@3x.png */ = {isa = PBXFileReference; lastKnownFileType = image.png; path = "impulsivity@3x.png"; sourceTree = "<group>"; };
		B2CB51141EB7AD0D0075B04E /* self harm@3x.png */ = {isa = PBXFileReference; lastKnownFileType = image.png; path = "self harm@3x.png"; sourceTree = "<group>"; };
		B2CB51151EB7AD0D0075B04E /* short attention span@3x.png */ = {isa = PBXFileReference; lastKnownFileType = image.png; path = "short attention span@3x.png"; sourceTree = "<group>"; };
		B2CB51161EB7AD0D0075B04E /* Tantrums@3x.png */ = {isa = PBXFileReference; lastKnownFileType = image.png; path = "Tantrums@3x.png"; sourceTree = "<group>"; };
		B2CB51171EB7AD0D0075B04E /* behaviorHead@3x.png */ = {isa = PBXFileReference; lastKnownFileType = image.png; path = "behaviorHead@3x.png"; sourceTree = "<group>"; };
		B2CB51191EB7AD0D0075B04E /* Diarrhea@3x.png */ = {isa = PBXFileReference; lastKnownFileType = image.png; path = "Diarrhea@3x.png"; sourceTree = "<group>"; };
		B2CB511A1EB7AD0D0075B04E /* Diet Problems@3x.png */ = {isa = PBXFileReference; lastKnownFileType = image.png; path = "Diet Problems@3x.png"; sourceTree = "<group>"; };
		B2CB511B1EB7AD0D0075B04E /* Headaches@3x.png */ = {isa = PBXFileReference; lastKnownFileType = image.png; path = "Headaches@3x.png"; sourceTree = "<group>"; };
		B2CB511C1EB7AD0D0075B04E /* Seizures@3x.png */ = {isa = PBXFileReference; lastKnownFileType = image.png; path = "Seizures@3x.png"; sourceTree = "<group>"; };
		B2CB511D1EB7AD0D0075B04E /* Stomach Ache@3x.png */ = {isa = PBXFileReference; lastKnownFileType = image.png; path = "Stomach Ache@3x.png"; sourceTree = "<group>"; };
		B2CB511E1EB7AD0D0075B04E /* health problems@3x.png */ = {isa = PBXFileReference; lastKnownFileType = image.png; path = "health problems@3x.png"; sourceTree = "<group>"; };
		B2CB51201EB7AD0D0075B04E /* Angry.png */ = {isa = PBXFileReference; lastKnownFileType = image.png; path = Angry.png; sourceTree = "<group>"; };
		B2CB51211EB7AD0D0075B04E /* Anxious.png */ = {isa = PBXFileReference; lastKnownFileType = image.png; path = Anxious.png; sourceTree = "<group>"; };
		B2CB51221EB7AD0D0075B04E /* Calm.png */ = {isa = PBXFileReference; lastKnownFileType = image.png; path = Calm.png; sourceTree = "<group>"; };
		B2CB51231EB7AD0D0075B04E /* Excited.png */ = {isa = PBXFileReference; lastKnownFileType = image.png; path = Excited.png; sourceTree = "<group>"; };
		B2CB51241EB7AD0D0075B04E /* happy.png */ = {isa = PBXFileReference; lastKnownFileType = image.png; path = happy.png; sourceTree = "<group>"; };
		B2CB51251EB7AD0D0075B04E /* irritable.png */ = {isa = PBXFileReference; lastKnownFileType = image.png; path = irritable.png; sourceTree = "<group>"; };
		B2CB51261EB7AD0D0075B04E /* sad.png */ = {isa = PBXFileReference; lastKnownFileType = image.png; path = sad.png; sourceTree = "<group>"; };
		B2CB51271EB7AD0D0075B04E /* mood.png */ = {isa = PBXFileReference; lastKnownFileType = image.png; path = mood.png; sourceTree = "<group>"; };
		B2CB51281EB7AD0D0075B04E /* sleep@3x.png */ = {isa = PBXFileReference; lastKnownFileType = image.png; path = "sleep@3x.png"; sourceTree = "<group>"; };
		B2CB51421EB7F0FB0075B04E /* Calm+CoreDataClass.swift */ = {isa = PBXFileReference; fileEncoding = 4; lastKnownFileType = sourcecode.swift; path = "Calm+CoreDataClass.swift"; sourceTree = "<group>"; };
		B2CB51431EB7F0FB0075B04E /* Calm+CoreDataProperties.swift */ = {isa = PBXFileReference; fileEncoding = 4; lastKnownFileType = sourcecode.swift; path = "Calm+CoreDataProperties.swift"; sourceTree = "<group>"; };
		B2CB51441EB7F0FB0075B04E /* Excited+CoreDataClass.swift */ = {isa = PBXFileReference; fileEncoding = 4; lastKnownFileType = sourcecode.swift; path = "Excited+CoreDataClass.swift"; sourceTree = "<group>"; };
		B2CB51451EB7F0FB0075B04E /* Excited+CoreDataProperties.swift */ = {isa = PBXFileReference; fileEncoding = 4; lastKnownFileType = sourcecode.swift; path = "Excited+CoreDataProperties.swift"; sourceTree = "<group>"; };
		B2CB51511EB997000075B04E /* ResearchKit.xcodeproj */ = {isa = PBXFileReference; lastKnownFileType = "wrapper.pb-project"; name = ResearchKit.xcodeproj; path = "../../../../Downloads/ResearchKit-master/ResearchKit.xcodeproj"; sourceTree = "<group>"; };
		B2D194581EB9998000230A03 /* Child+CoreDataClass.swift */ = {isa = PBXFileReference; fileEncoding = 4; lastKnownFileType = sourcecode.swift; path = "Child+CoreDataClass.swift"; sourceTree = "<group>"; };
		B2D194591EB9998000230A03 /* Child+CoreDataProperties.swift */ = {isa = PBXFileReference; fileEncoding = 4; lastKnownFileType = sourcecode.swift; path = "Child+CoreDataProperties.swift"; sourceTree = "<group>"; };
		B2D194641EBA459000230A03 /* selfHarmFixed.png */ = {isa = PBXFileReference; lastKnownFileType = image.png; path = selfHarmFixed.png; sourceTree = "<group>"; };
		B2EA85291EA5C10100B4E689 /* BehaviourTasks.swift */ = {isa = PBXFileReference; fileEncoding = 4; lastKnownFileType = sourcecode.swift; path = BehaviourTasks.swift; sourceTree = "<group>"; };
/* End PBXFileReference section */

/* Begin PBXFrameworksBuildPhase section */
		B2A2035E1E9DD2EC000195BA /* Frameworks */ = {
			isa = PBXFrameworksBuildPhase;
			buildActionMask = 2147483647;
			files = (
				B2D194541EB9972A00230A03 /* ResearchKit.framework in Frameworks */,
			);
			runOnlyForDeploymentPostprocessing = 0;
		};
		B2A203751E9DD2EC000195BA /* Frameworks */ = {
			isa = PBXFrameworksBuildPhase;
			buildActionMask = 2147483647;
			files = (
			);
			runOnlyForDeploymentPostprocessing = 0;
		};
		B2A203801E9DD2EC000195BA /* Frameworks */ = {
			isa = PBXFrameworksBuildPhase;
			buildActionMask = 2147483647;
			files = (
			);
			runOnlyForDeploymentPostprocessing = 0;
		};
/* End PBXFrameworksBuildPhase section */

/* Begin PBXGroup section */
		B217C50A1EA97F7900AE6BCD /* Model */ = {
			isa = PBXGroup;
			children = (
				B2D194581EB9998000230A03 /* Child+CoreDataClass.swift */,
				B2D194591EB9998000230A03 /* Child+CoreDataProperties.swift */,
				B2CB51421EB7F0FB0075B04E /* Calm+CoreDataClass.swift */,
				B2CB51431EB7F0FB0075B04E /* Calm+CoreDataProperties.swift */,
				B2CB51441EB7F0FB0075B04E /* Excited+CoreDataClass.swift */,
				B2CB51451EB7F0FB0075B04E /* Excited+CoreDataProperties.swift */,
				B2CB50CF1EB447C40075B04E /* Angry+CoreDataClass.swift */,
				B2CB50D01EB447C40075B04E /* Angry+CoreDataProperties.swift */,
				B2CB50D11EB447C40075B04E /* Happy+CoreDataClass.swift */,
				B2CB50D21EB447C40075B04E /* Happy+CoreDataProperties.swift */,
				B2CB50D31EB447C40075B04E /* Sad+CoreDataClass.swift */,
				B2CB50D41EB447C40075B04E /* Sad+CoreDataProperties.swift */,
				B2CB50B51EB3E66D0075B04E /* Diet+CoreDataClass.swift */,
				B2CB50B61EB3E66D0075B04E /* Diet+CoreDataProperties.swift */,
				B2CB50B71EB3E66D0075B04E /* StomachAche+CoreDataClass.swift */,
				B2CB50B81EB3E66D0075B04E /* StomachAche+CoreDataProperties.swift */,
				B2CB50B91EB3E66D0075B04E /* RespiratoryIssues+CoreDataClass.swift */,
				B2CB50BA1EB3E66D0075B04E /* RespiratoryIssues+CoreDataProperties.swift */,
				B2CB50BB1EB3E66D0075B04E /* Diarrhea+CoreDataClass.swift */,
				B2CB50BC1EB3E66D0075B04E /* Diarrhea+CoreDataProperties.swift */,
				B2CB50BD1EB3E66D0075B04E /* Headaches+CoreDataClass.swift */,
				B2CB50BE1EB3E66D0075B04E /* Headaches+CoreDataProperties.swift */,
				B2CB50AF1EB3E20D0075B04E /* Tremors+CoreDataClass.swift */,
				B2CB50B01EB3E20D0075B04E /* Tremors+CoreDataProperties.swift */,
				B25797991EB3BCF800946412 /* SleepQuality+CoreDataClass.swift */,
				B257979A1EB3BCF800946412 /* SleepQuality+CoreDataProperties.swift */,
				B257979B1EB3BCF800946412 /* SleepLength+CoreDataClass.swift */,
				B257979C1EB3BCF800946412 /* SleepLength+CoreDataProperties.swift */,
				B25408DF1EB114510012072D /* Anxiety+CoreDataClass.swift */,
				B25408E01EB114510012072D /* Anxiety+CoreDataProperties.swift */,
				B25408E31EB114510012072D /* Irritability+CoreDataClass.swift */,
				B25408E41EB114510012072D /* Irritability+CoreDataProperties.swift */,
				B25408E51EB114510012072D /* Repetition+CoreDataClass.swift */,
				B25408E61EB114510012072D /* Repetition+CoreDataProperties.swift */,
				B25408E91EB114510012072D /* SelfHarm+CoreDataClass.swift */,
				B25408EA1EB114510012072D /* SelfHarm+CoreDataProperties.swift */,
				B25408EB1EB114510012072D /* Defiance+CoreDataClass.swift */,
				B25408EC1EB114510012072D /* Defiance+CoreDataProperties.swift */,
				B25408EF1EB114510012072D /* Tantrums+CoreDataClass.swift */,
				B25408F01EB114510012072D /* Tantrums+CoreDataProperties.swift */,
				B25408F11EB114510012072D /* Implusivity+CoreDataClass.swift */,
				B25408F21EB114510012072D /* Implusivity+CoreDataProperties.swift */,
				B25408F31EB114510012072D /* AttentionSpan+CoreDataClass.swift */,
				B25408F41EB114510012072D /* AttentionSpan+CoreDataProperties.swift */,
				B217C50F1EA9831600AE6BCD /* Activity+CoreDataClass.swift */,
				B217C5101EA9831600AE6BCD /* Activity+CoreDataProperties.swift */,
				B217C5111EA9831600AE6BCD /* Hyperactivity+CoreDataClass.swift */,
				B217C5121EA9831600AE6BCD /* Hyperactivity+CoreDataProperties.swift */,
				B217C50D1EA97F9700AE6BCD /* Model.swift */,
			);
			name = Model;
			sourceTree = "<group>";
		};
		B28682101EAE741A002A768A /* Images */ = {
			isa = PBXGroup;
			children = (
				B2CB510F1EB7AD0D0075B04E /* behaviors */,
				B2CB51171EB7AD0D0075B04E /* behaviorHead@3x.png */,
				B2CB51181EB7AD0D0075B04E /* health problems */,
				B2CB511E1EB7AD0D0075B04E /* health problems@3x.png */,
				B2CB511F1EB7AD0D0075B04E /* mood */,
				B2CB51271EB7AD0D0075B04E /* mood.png */,
				B2CB51281EB7AD0D0075B04E /* sleep@3x.png */,
				B29022D91EAFD9050008391E /* barButtonIcon.png */,
				B29022D51EAFD7C90008391E /* dashboard.png */,
				B29022D71EAFD8020008391E /* bargraph.png */,
				B29022D31EAFD77B0008391E /* gear.png */,
				B28682511EAE761C002A768A /* angryFace.jpg */,
				B28682521EAE761C002A768A /* anxiety.png */,
				B28682541EAE761C002A768A /* brain.png */,
				B28682551EAE761C002A768A /* cal2.png */,
				B28682561EAE761C002A768A /* calendar.png */,
				B28682571EAE761C002A768A /* clouds.png */,
				B28682591EAE761C002A768A /* diet.png */,
				B286825A1EAE761C002A768A /* digestiveSystem.png */,
				B286825B1EAE761C002A768A /* frustratedFace.png */,
				B286825D1EAE761C002A768A /* handshake.png */,
				B286825E1EAE761C002A768A /* happy.png */,
				B286825F1EAE761C002A768A /* headache.png */,
				B28682601EAE761C002A768A /* health.png */,
				B28682611EAE761C002A768A /* irritability.png */,
				B28682621EAE761C002A768A /* lightning.png */,
				B28682631EAE761C002A768A /* lungs.png */,
				B28682641EAE761C002A768A /* mentalHealth.png */,
				B28682651EAE761C002A768A /* neutralFace.png */,
				B28682661EAE761C002A768A /* poop.png */,
				B28682671EAE761C002A768A /* refresh.png */,
				B28682681EAE761C002A768A /* sadFace.png */,
				B28682691EAE761C002A768A /* sickFace.png */,
				B286826A1EAE761C002A768A /* sleep.png */,
				B286826B1EAE761C002A768A /* smile.png */,
				B286826C1EAE761C002A768A /* speech.png */,
				B286826D1EAE761C002A768A /* suprisedFace.png */,
				B29022D11EAFBCD60008391E /* Thompson Tracker Logo.png */,
				B286826E1EAE761C002A768A /* ticks.png */,
				B286826F1EAE761C002A768A /* user.png */,
				B28682701EAE761C002A768A /* waxingMoon.png */,
			);
			name = Images;
			sourceTree = "<group>";
		};
		B2A203581E9DD2EC000195BA = {
			isa = PBXGroup;
			children = (
				B2A203631E9DD2EC000195BA /* ThompsonTracker */,
				B2A2037B1E9DD2EC000195BA /* ThompsonTrackerTests */,
				B2A203861E9DD2EC000195BA /* ThompsonTrackerUITests */,
				B2A203621E9DD2EC000195BA /* Products */,
			);
			sourceTree = "<group>";
		};
		B2A203621E9DD2EC000195BA /* Products */ = {
			isa = PBXGroup;
			children = (
				B2A203611E9DD2EC000195BA /* ThompsonTracker.app */,
				B2A203781E9DD2EC000195BA /* ThompsonTrackerTests.xctest */,
				B2A203831E9DD2EC000195BA /* ThompsonTrackerUITests.xctest */,
			);
			name = Products;
			sourceTree = "<group>";
		};
		B2A203631E9DD2EC000195BA /* ThompsonTracker */ = {
			isa = PBXGroup;
			children = (
				B2CB51511EB997000075B04E /* ResearchKit.xcodeproj */,
				B28682101EAE741A002A768A /* Images */,
				B217C50A1EA97F7900AE6BCD /* Model */,
				B2A203681E9DD2EC000195BA /* Main.storyboard */,
				B2A203641E9DD2EC000195BA /* AppDelegate.swift */,
				719832231EB1125E002BC697 /* PatientViewController.swift */,
				719832251EB1126C002BC697 /* PatientTableViewCell.swift */,
				710B71331EB2BA0A009D4262 /* AddPatientViewController.swift */,
				B2A204001EA559CB000195BA /* DashboardViewController.swift */,
				B2A204021EA55C31000195BA /* DashboardCollectionViewCell.swift */,
				B2A203BC1EA477E9000195BA /* DashDetailViewController.swift */,
				B2A203FE1EA5381C000195BA /* ActivityTableViewCell.swift */,
				B2A181F31EAD3BCC002FA82F /* GraphViewController.swift */,
				B2A181ED1EAA9F38002FA82F /* GraphView.swift */,
				B211F0061EBB9D7400BA37F8 /* GraphTableViewCell.swift */,
				B2A2036E1E9DD2EC000195BA /* Assets.xcassets */,
				B2A203701E9DD2EC000195BA /* LaunchScreen.storyboard */,
				B2A203731E9DD2EC000195BA /* Info.plist */,
				B2A2036B1E9DD2EC000195BA /* ThompsonTracker.xcdatamodeld */,
				B2A203A41E9DD4CF000195BA /* ConsentDocument.swift */,
				B2A203A61E9DD6A9000195BA /* ConsentTask.swift */,
				B2EA85291EA5C10100B4E689 /* BehaviourTasks.swift */,
				B217C5171EAA73A100AE6BCD /* CustomLayout.swift */,
			);
			path = ThompsonTracker;
			sourceTree = "<group>";
		};
		B2A2037B1E9DD2EC000195BA /* ThompsonTrackerTests */ = {
			isa = PBXGroup;
			children = (
				B2A2037C1E9DD2EC000195BA /* ThompsonTrackerTests.swift */,
				B2A2037E1E9DD2EC000195BA /* Info.plist */,
			);
			path = ThompsonTrackerTests;
			sourceTree = "<group>";
		};
		B2A203861E9DD2EC000195BA /* ThompsonTrackerUITests */ = {
			isa = PBXGroup;
			children = (
				B2A203871E9DD2EC000195BA /* ThompsonTrackerUITests.swift */,
				B2A203891E9DD2EC000195BA /* Info.plist */,
			);
			path = ThompsonTrackerUITests;
			sourceTree = "<group>";
		};
		B2CB510F1EB7AD0D0075B04E /* behaviors */ = {
			isa = PBXGroup;
			children = (
				B2D194641EBA459000230A03 /* selfHarmFixed.png */,
				B2CB51101EB7AD0D0075B04E /* behaviors@3x.png */,
				B2CB51111EB7AD0D0075B04E /* Defiant@3x.png */,
				B2CB51121EB7AD0D0075B04E /* Hyperactivity@3x.png */,
				B2CB51131EB7AD0D0075B04E /* impulsivity@3x.png */,
				B2CB51141EB7AD0D0075B04E /* self harm@3x.png */,
				B2CB51151EB7AD0D0075B04E /* short attention span@3x.png */,
				B2CB51161EB7AD0D0075B04E /* Tantrums@3x.png */,
			);
			path = behaviors;
			sourceTree = "<group>";
		};
		B2CB51181EB7AD0D0075B04E /* health problems */ = {
			isa = PBXGroup;
			children = (
				B2CB51191EB7AD0D0075B04E /* Diarrhea@3x.png */,
				B2CB511A1EB7AD0D0075B04E /* Diet Problems@3x.png */,
				B2CB511B1EB7AD0D0075B04E /* Headaches@3x.png */,
				B2CB511C1EB7AD0D0075B04E /* Seizures@3x.png */,
				B2CB511D1EB7AD0D0075B04E /* Stomach Ache@3x.png */,
			);
			path = "health problems";
			sourceTree = "<group>";
		};
		B2CB511F1EB7AD0D0075B04E /* mood */ = {
			isa = PBXGroup;
			children = (
				B2CB51201EB7AD0D0075B04E /* Angry.png */,
				B2CB51211EB7AD0D0075B04E /* Anxious.png */,
				B2CB51221EB7AD0D0075B04E /* Calm.png */,
				B2CB51231EB7AD0D0075B04E /* Excited.png */,
				B2CB51241EB7AD0D0075B04E /* happy.png */,
				B2CB51251EB7AD0D0075B04E /* irritable.png */,
				B2CB51261EB7AD0D0075B04E /* sad.png */,
			);
			path = mood;
			sourceTree = "<group>";
		};
		B2CB51521EB997000075B04E /* Products */ = {
			isa = PBXGroup;
			children = (
				B2CB51581EB997010075B04E /* ResearchKit.framework */,
				B2CB515A1EB997010075B04E /* ResearchKitTests.xctest */,
			);
			name = Products;
			sourceTree = "<group>";
		};
/* End PBXGroup section */

/* Begin PBXNativeTarget section */
		B2A203601E9DD2EC000195BA /* ThompsonTracker */ = {
			isa = PBXNativeTarget;
			buildConfigurationList = B2A2038C1E9DD2EC000195BA /* Build configuration list for PBXNativeTarget "ThompsonTracker" */;
			buildPhases = (
				B2A2035D1E9DD2EC000195BA /* Sources */,
				B2A2035E1E9DD2EC000195BA /* Frameworks */,
				B2A2035F1E9DD2EC000195BA /* Resources */,
				B2CB50F91EB7A4C20075B04E /* Embed Frameworks */,
			);
			buildRules = (
			);
			dependencies = (
				B2D194571EB9972A00230A03 /* PBXTargetDependency */,
			);
			name = ThompsonTracker;
			productName = ThompsonTracker;
			productReference = B2A203611E9DD2EC000195BA /* ThompsonTracker.app */;
			productType = "com.apple.product-type.application";
		};
		B2A203771E9DD2EC000195BA /* ThompsonTrackerTests */ = {
			isa = PBXNativeTarget;
			buildConfigurationList = B2A2038F1E9DD2EC000195BA /* Build configuration list for PBXNativeTarget "ThompsonTrackerTests" */;
			buildPhases = (
				B2A203741E9DD2EC000195BA /* Sources */,
				B2A203751E9DD2EC000195BA /* Frameworks */,
				B2A203761E9DD2EC000195BA /* Resources */,
			);
			buildRules = (
			);
			dependencies = (
				B2A2037A1E9DD2EC000195BA /* PBXTargetDependency */,
			);
			name = ThompsonTrackerTests;
			productName = ThompsonTrackerTests;
			productReference = B2A203781E9DD2EC000195BA /* ThompsonTrackerTests.xctest */;
			productType = "com.apple.product-type.bundle.unit-test";
		};
		B2A203821E9DD2EC000195BA /* ThompsonTrackerUITests */ = {
			isa = PBXNativeTarget;
			buildConfigurationList = B2A203921E9DD2EC000195BA /* Build configuration list for PBXNativeTarget "ThompsonTrackerUITests" */;
			buildPhases = (
				B2A2037F1E9DD2EC000195BA /* Sources */,
				B2A203801E9DD2EC000195BA /* Frameworks */,
				B2A203811E9DD2EC000195BA /* Resources */,
			);
			buildRules = (
			);
			dependencies = (
				B2A203851E9DD2EC000195BA /* PBXTargetDependency */,
			);
			name = ThompsonTrackerUITests;
			productName = ThompsonTrackerUITests;
			productReference = B2A203831E9DD2EC000195BA /* ThompsonTrackerUITests.xctest */;
			productType = "com.apple.product-type.bundle.ui-testing";
		};
/* End PBXNativeTarget section */

/* Begin PBXProject section */
		B2A203591E9DD2EC000195BA /* Project object */ = {
			isa = PBXProject;
			attributes = {
				LastSwiftUpdateCheck = 0830;
				LastUpgradeCheck = 0830;
				ORGANIZATIONNAME = "Will Mock";
				TargetAttributes = {
					B2A203601E9DD2EC000195BA = {
						CreatedOnToolsVersion = 8.3.1;
						DevelopmentTeam = 4F48D7BT8E;
						ProvisioningStyle = Automatic;
					};
					B2A203771E9DD2EC000195BA = {
						CreatedOnToolsVersion = 8.3.1;
						ProvisioningStyle = Automatic;
						TestTargetID = B2A203601E9DD2EC000195BA;
					};
					B2A203821E9DD2EC000195BA = {
						CreatedOnToolsVersion = 8.3.1;
						ProvisioningStyle = Automatic;
						TestTargetID = B2A203601E9DD2EC000195BA;
					};
				};
			};
			buildConfigurationList = B2A2035C1E9DD2EC000195BA /* Build configuration list for PBXProject "ThompsonTracker" */;
			compatibilityVersion = "Xcode 3.2";
			developmentRegion = English;
			hasScannedForEncodings = 0;
			knownRegions = (
				en,
				Base,
			);
			mainGroup = B2A203581E9DD2EC000195BA;
			productRefGroup = B2A203621E9DD2EC000195BA /* Products */;
			projectDirPath = "";
			projectReferences = (
				{
					ProductGroup = B2CB51521EB997000075B04E /* Products */;
					ProjectRef = B2CB51511EB997000075B04E /* ResearchKit.xcodeproj */;
				},
			);
			projectRoot = "";
			targets = (
				B2A203601E9DD2EC000195BA /* ThompsonTracker */,
				B2A203771E9DD2EC000195BA /* ThompsonTrackerTests */,
				B2A203821E9DD2EC000195BA /* ThompsonTrackerUITests */,
			);
		};
/* End PBXProject section */

/* Begin PBXReferenceProxy section */
		B2CB51581EB997010075B04E /* ResearchKit.framework */ = {
			isa = PBXReferenceProxy;
			fileType = wrapper.framework;
			path = ResearchKit.framework;
			remoteRef = B2CB51571EB997010075B04E /* PBXContainerItemProxy */;
			sourceTree = BUILT_PRODUCTS_DIR;
		};
		B2CB515A1EB997010075B04E /* ResearchKitTests.xctest */ = {
			isa = PBXReferenceProxy;
			fileType = wrapper.cfbundle;
			path = ResearchKitTests.xctest;
			remoteRef = B2CB51591EB997010075B04E /* PBXContainerItemProxy */;
			sourceTree = BUILT_PRODUCTS_DIR;
		};
/* End PBXReferenceProxy section */

/* Begin PBXResourcesBuildPhase section */
		B2A2035F1E9DD2EC000195BA /* Resources */ = {
			isa = PBXResourcesBuildPhase;
			buildActionMask = 2147483647;
			files = (
				B2CB51391EB7AD0D0075B04E /* Calm.png in Resources */,
				B2CB512C1EB7AD0D0075B04E /* impulsivity@3x.png in Resources */,
				B28682711EAE761C002A768A /* angryFace.jpg in Resources */,
				B286828D1EAE761C002A768A /* suprisedFace.png in Resources */,
				B2D194651EBA459000230A03 /* selfHarmFixed.png in Resources */,
				B29022D81EAFD8020008391E /* bargraph.png in Resources */,
				B29022D41EAFD77B0008391E /* gear.png in Resources */,
				B2CB513B1EB7AD0D0075B04E /* happy.png in Resources */,
				B28682741EAE761C002A768A /* brain.png in Resources */,
				B2CB513D1EB7AD0D0075B04E /* sad.png in Resources */,
				B28682901EAE761C002A768A /* waxingMoon.png in Resources */,
				B2A203721E9DD2EC000195BA /* LaunchScreen.storyboard in Resources */,
				B28682811EAE761C002A768A /* irritability.png in Resources */,
				B2CB51371EB7AD0D0075B04E /* Angry.png in Resources */,
				B29022D61EAFD7C90008391E /* dashboard.png in Resources */,
				B28682771EAE761C002A768A /* clouds.png in Resources */,
				B2CB512F1EB7AD0D0075B04E /* Tantrums@3x.png in Resources */,
				B2CB51361EB7AD0D0075B04E /* health problems@3x.png in Resources */,
				B286827F1EAE761C002A768A /* headache.png in Resources */,
				B2CB513C1EB7AD0D0075B04E /* irritable.png in Resources */,
				B28682861EAE761C002A768A /* poop.png in Resources */,
				B286828C1EAE761C002A768A /* speech.png in Resources */,
				B28682721EAE761C002A768A /* anxiety.png in Resources */,
				B28682841EAE761C002A768A /* mentalHealth.png in Resources */,
				B2CB512B1EB7AD0D0075B04E /* Hyperactivity@3x.png in Resources */,
				B2CB513A1EB7AD0D0075B04E /* Excited.png in Resources */,
				B28682821EAE761C002A768A /* lightning.png in Resources */,
				B2CB51311EB7AD0D0075B04E /* Diarrhea@3x.png in Resources */,
				B2CB51331EB7AD0D0075B04E /* Headaches@3x.png in Resources */,
				B29022DA1EAFD9050008391E /* barButtonIcon.png in Resources */,
				B28682791EAE761C002A768A /* diet.png in Resources */,
				B2CB51301EB7AD0D0075B04E /* behaviorHead@3x.png in Resources */,
				B286828F1EAE761C002A768A /* user.png in Resources */,
				B2CB512A1EB7AD0D0075B04E /* Defiant@3x.png in Resources */,
				B286828E1EAE761C002A768A /* ticks.png in Resources */,
				B28682801EAE761C002A768A /* health.png in Resources */,
				B28682871EAE761C002A768A /* refresh.png in Resources */,
				B2CB51351EB7AD0D0075B04E /* Stomach Ache@3x.png in Resources */,
				B28682851EAE761C002A768A /* neutralFace.png in Resources */,
				B286827D1EAE761C002A768A /* handshake.png in Resources */,
				B2CB51381EB7AD0D0075B04E /* Anxious.png in Resources */,
				B28682761EAE761C002A768A /* calendar.png in Resources */,
				B2CB513E1EB7AD0D0075B04E /* mood.png in Resources */,
				B286827E1EAE761C002A768A /* happy.png in Resources */,
				B2A2036F1E9DD2EC000195BA /* Assets.xcassets in Resources */,
				B2CB512D1EB7AD0D0075B04E /* self harm@3x.png in Resources */,
				B28682751EAE761C002A768A /* cal2.png in Resources */,
				B29022D21EAFBCD60008391E /* Thompson Tracker Logo.png in Resources */,
				B286828A1EAE761C002A768A /* sleep.png in Resources */,
				B28682891EAE761C002A768A /* sickFace.png in Resources */,
				B2CB51291EB7AD0D0075B04E /* behaviors@3x.png in Resources */,
				B2CB51321EB7AD0D0075B04E /* Diet Problems@3x.png in Resources */,
				B286828B1EAE761C002A768A /* smile.png in Resources */,
				B2CB512E1EB7AD0D0075B04E /* short attention span@3x.png in Resources */,
				B2CB51341EB7AD0D0075B04E /* Seizures@3x.png in Resources */,
				B28682881EAE761C002A768A /* sadFace.png in Resources */,
				B2CB513F1EB7AD0D0075B04E /* sleep@3x.png in Resources */,
				B28682831EAE761C002A768A /* lungs.png in Resources */,
				B2A2036A1E9DD2EC000195BA /* Main.storyboard in Resources */,
				B286827B1EAE761C002A768A /* frustratedFace.png in Resources */,
				B286827A1EAE761C002A768A /* digestiveSystem.png in Resources */,
			);
			runOnlyForDeploymentPostprocessing = 0;
		};
		B2A203761E9DD2EC000195BA /* Resources */ = {
			isa = PBXResourcesBuildPhase;
			buildActionMask = 2147483647;
			files = (
			);
			runOnlyForDeploymentPostprocessing = 0;
		};
		B2A203811E9DD2EC000195BA /* Resources */ = {
			isa = PBXResourcesBuildPhase;
			buildActionMask = 2147483647;
			files = (
			);
			runOnlyForDeploymentPostprocessing = 0;
		};
/* End PBXResourcesBuildPhase section */

/* Begin PBXSourcesBuildPhase section */
		B2A2035D1E9DD2EC000195BA /* Sources */ = {
			isa = PBXSourcesBuildPhase;
			buildActionMask = 2147483647;
			files = (
				B25409071EB114510012072D /* Implusivity+CoreDataClass.swift in Sources */,
				B217C5141EA9831600AE6BCD /* Activity+CoreDataProperties.swift in Sources */,
				B217C5161EA9831600AE6BCD /* Hyperactivity+CoreDataProperties.swift in Sources */,
				B25408FC1EB114510012072D /* Repetition+CoreDataProperties.swift in Sources */,
				B257979F1EB3BCF800946412 /* SleepLength+CoreDataClass.swift in Sources */,
				719832261EB1126C002BC697 /* PatientTableViewCell.swift in Sources */,
				B2A203BD1EA477E9000195BA /* DashDetailViewController.swift in Sources */,
				B25409021EB114510012072D /* Defiance+CoreDataProperties.swift in Sources */,
				B2CB50E01EB447C40075B04E /* Sad+CoreDataProperties.swift in Sources */,
				B217C5131EA9831600AE6BCD /* Activity+CoreDataClass.swift in Sources */,
				B25408F91EB114510012072D /* Irritability+CoreDataClass.swift in Sources */,
				B2A2036D1E9DD2EC000195BA /* ThompsonTracker.xcdatamodeld in Sources */,
				B2CB51491EB7F0FB0075B04E /* Excited+CoreDataProperties.swift in Sources */,
				B2CB51471EB7F0FB0075B04E /* Calm+CoreDataProperties.swift in Sources */,
				B25797A01EB3BCF800946412 /* SleepLength+CoreDataProperties.swift in Sources */,
				B2CB50C11EB3E66D0075B04E /* StomachAche+CoreDataClass.swift in Sources */,
				B25409001EB114510012072D /* SelfHarm+CoreDataProperties.swift in Sources */,
				B2CB50C31EB3E66D0075B04E /* RespiratoryIssues+CoreDataClass.swift in Sources */,
				B2CB50DB1EB447C40075B04E /* Angry+CoreDataClass.swift in Sources */,
				B2A203A51E9DD4CF000195BA /* ConsentDocument.swift in Sources */,
				B217C50E1EA97F9700AE6BCD /* Model.swift in Sources */,
				B257979E1EB3BCF800946412 /* SleepQuality+CoreDataProperties.swift in Sources */,
				B2A204031EA55C31000195BA /* DashboardCollectionViewCell.swift in Sources */,
				B2CB50DD1EB447C40075B04E /* Happy+CoreDataClass.swift in Sources */,
				B25409061EB114510012072D /* Tantrums+CoreDataProperties.swift in Sources */,
				B257979D1EB3BCF800946412 /* SleepQuality+CoreDataClass.swift in Sources */,
				B2CB50DE1EB447C40075B04E /* Happy+CoreDataProperties.swift in Sources */,
				B25408FF1EB114510012072D /* SelfHarm+CoreDataClass.swift in Sources */,
				B2CB50C41EB3E66D0075B04E /* RespiratoryIssues+CoreDataProperties.swift in Sources */,
				B25408F51EB114510012072D /* Anxiety+CoreDataClass.swift in Sources */,
				B25409051EB114510012072D /* Tantrums+CoreDataClass.swift in Sources */,
				719832241EB1125E002BC697 /* PatientViewController.swift in Sources */,
				710B71341EB2BA0A009D4262 /* AddPatientViewController.swift in Sources */,
				B2A181F41EAD3BCC002FA82F /* GraphViewController.swift in Sources */,
				B2CB50C21EB3E66D0075B04E /* StomachAche+CoreDataProperties.swift in Sources */,
				B2CB50C51EB3E66D0075B04E /* Diarrhea+CoreDataClass.swift in Sources */,
				B25408FA1EB114510012072D /* Irritability+CoreDataProperties.swift in Sources */,
				B2CB51461EB7F0FB0075B04E /* Calm+CoreDataClass.swift in Sources */,
				B25409091EB114510012072D /* AttentionSpan+CoreDataClass.swift in Sources */,
				B2D1945A1EB9998000230A03 /* Child+CoreDataClass.swift in Sources */,
				B2CB50B11EB3E20D0075B04E /* Tremors+CoreDataClass.swift in Sources */,
				B2CB50BF1EB3E66D0075B04E /* Diet+CoreDataClass.swift in Sources */,
				B254090A1EB114510012072D /* AttentionSpan+CoreDataProperties.swift in Sources */,
				B2CB50C61EB3E66D0075B04E /* Diarrhea+CoreDataProperties.swift in Sources */,
				B25409081EB114510012072D /* Implusivity+CoreDataProperties.swift in Sources */,
				B2CB50B21EB3E20D0075B04E /* Tremors+CoreDataProperties.swift in Sources */,
				B217C5181EAA73A100AE6BCD /* CustomLayout.swift in Sources */,
				B2A181EE1EAA9F38002FA82F /* GraphView.swift in Sources */,
				B25408FB1EB114510012072D /* Repetition+CoreDataClass.swift in Sources */,
				B2A203A71E9DD6A9000195BA /* ConsentTask.swift in Sources */,
				B2A203FF1EA5381C000195BA /* ActivityTableViewCell.swift in Sources */,
				B211F0071EBB9D7500BA37F8 /* GraphTableViewCell.swift in Sources */,
				B2CB50C71EB3E66D0075B04E /* Headaches+CoreDataClass.swift in Sources */,
				B2CB50DC1EB447C40075B04E /* Angry+CoreDataProperties.swift in Sources */,
				B217C5151EA9831600AE6BCD /* Hyperactivity+CoreDataClass.swift in Sources */,
				B2CB50C81EB3E66D0075B04E /* Headaches+CoreDataProperties.swift in Sources */,
				B2A203651E9DD2EC000195BA /* AppDelegate.swift in Sources */,
				B2D1945B1EB9998000230A03 /* Child+CoreDataProperties.swift in Sources */,
				B2CB51481EB7F0FB0075B04E /* Excited+CoreDataClass.swift in Sources */,
				B2EA852A1EA5C10100B4E689 /* BehaviourTasks.swift in Sources */,
				B2A204011EA559CB000195BA /* DashboardViewController.swift in Sources */,
				B25409011EB114510012072D /* Defiance+CoreDataClass.swift in Sources */,
				B25408F61EB114510012072D /* Anxiety+CoreDataProperties.swift in Sources */,
				B2CB50DF1EB447C40075B04E /* Sad+CoreDataClass.swift in Sources */,
				B2CB50C01EB3E66D0075B04E /* Diet+CoreDataProperties.swift in Sources */,
			);
			runOnlyForDeploymentPostprocessing = 0;
		};
		B2A203741E9DD2EC000195BA /* Sources */ = {
			isa = PBXSourcesBuildPhase;
			buildActionMask = 2147483647;
			files = (
				B2A2037D1E9DD2EC000195BA /* ThompsonTrackerTests.swift in Sources */,
			);
			runOnlyForDeploymentPostprocessing = 0;
		};
		B2A2037F1E9DD2EC000195BA /* Sources */ = {
			isa = PBXSourcesBuildPhase;
			buildActionMask = 2147483647;
			files = (
				B2A203881E9DD2EC000195BA /* ThompsonTrackerUITests.swift in Sources */,
			);
			runOnlyForDeploymentPostprocessing = 0;
		};
/* End PBXSourcesBuildPhase section */

/* Begin PBXTargetDependency section */
		B2A2037A1E9DD2EC000195BA /* PBXTargetDependency */ = {
			isa = PBXTargetDependency;
			target = B2A203601E9DD2EC000195BA /* ThompsonTracker */;
			targetProxy = B2A203791E9DD2EC000195BA /* PBXContainerItemProxy */;
		};
		B2A203851E9DD2EC000195BA /* PBXTargetDependency */ = {
			isa = PBXTargetDependency;
			target = B2A203601E9DD2EC000195BA /* ThompsonTracker */;
			targetProxy = B2A203841E9DD2EC000195BA /* PBXContainerItemProxy */;
		};
		B2D194571EB9972A00230A03 /* PBXTargetDependency */ = {
			isa = PBXTargetDependency;
			name = ResearchKit;
			targetProxy = B2D194561EB9972A00230A03 /* PBXContainerItemProxy */;
		};
/* End PBXTargetDependency section */

/* Begin PBXVariantGroup section */
		B2A203681E9DD2EC000195BA /* Main.storyboard */ = {
			isa = PBXVariantGroup;
			children = (
				B2A203691E9DD2EC000195BA /* Base */,
			);
			name = Main.storyboard;
			sourceTree = "<group>";
		};
		B2A203701E9DD2EC000195BA /* LaunchScreen.storyboard */ = {
			isa = PBXVariantGroup;
			children = (
				B2A203711E9DD2EC000195BA /* Base */,
			);
			name = LaunchScreen.storyboard;
			sourceTree = "<group>";
		};
/* End PBXVariantGroup section */

/* Begin XCBuildConfiguration section */
		B2A2038A1E9DD2EC000195BA /* Debug */ = {
			isa = XCBuildConfiguration;
			buildSettings = {
				ALWAYS_SEARCH_USER_PATHS = NO;
				CLANG_ANALYZER_NONNULL = YES;
				CLANG_ANALYZER_NUMBER_OBJECT_CONVERSION = YES_AGGRESSIVE;
				CLANG_CXX_LANGUAGE_STANDARD = "gnu++0x";
				CLANG_CXX_LIBRARY = "libc++";
				CLANG_ENABLE_MODULES = YES;
				CLANG_ENABLE_OBJC_ARC = YES;
				CLANG_WARN_BOOL_CONVERSION = YES;
				CLANG_WARN_CONSTANT_CONVERSION = YES;
				CLANG_WARN_DIRECT_OBJC_ISA_USAGE = YES_ERROR;
				CLANG_WARN_DOCUMENTATION_COMMENTS = YES;
				CLANG_WARN_EMPTY_BODY = YES;
				CLANG_WARN_ENUM_CONVERSION = YES;
				CLANG_WARN_INFINITE_RECURSION = YES;
				CLANG_WARN_INT_CONVERSION = YES;
				CLANG_WARN_OBJC_ROOT_CLASS = YES_ERROR;
				CLANG_WARN_SUSPICIOUS_MOVE = YES;
				CLANG_WARN_UNREACHABLE_CODE = YES;
				CLANG_WARN__DUPLICATE_METHOD_MATCH = YES;
				"CODE_SIGN_IDENTITY[sdk=iphoneos*]" = "iPhone Developer";
				COPY_PHASE_STRIP = NO;
				DEBUG_INFORMATION_FORMAT = dwarf;
				ENABLE_STRICT_OBJC_MSGSEND = YES;
				ENABLE_TESTABILITY = YES;
				GCC_C_LANGUAGE_STANDARD = gnu99;
				GCC_DYNAMIC_NO_PIC = NO;
				GCC_NO_COMMON_BLOCKS = YES;
				GCC_OPTIMIZATION_LEVEL = 0;
				GCC_PREPROCESSOR_DEFINITIONS = (
					"DEBUG=1",
					"$(inherited)",
				);
				GCC_WARN_64_TO_32_BIT_CONVERSION = YES;
				GCC_WARN_ABOUT_RETURN_TYPE = YES_ERROR;
				GCC_WARN_UNDECLARED_SELECTOR = YES;
				GCC_WARN_UNINITIALIZED_AUTOS = YES_AGGRESSIVE;
				GCC_WARN_UNUSED_FUNCTION = YES;
				GCC_WARN_UNUSED_VARIABLE = YES;
				IPHONEOS_DEPLOYMENT_TARGET = 10.3;
				MTL_ENABLE_DEBUG_INFO = YES;
				ONLY_ACTIVE_ARCH = YES;
				SDKROOT = iphoneos;
				SWIFT_ACTIVE_COMPILATION_CONDITIONS = DEBUG;
				SWIFT_OPTIMIZATION_LEVEL = "-Onone";
				TARGETED_DEVICE_FAMILY = "1,2";
			};
			name = Debug;
		};
		B2A2038B1E9DD2EC000195BA /* Release */ = {
			isa = XCBuildConfiguration;
			buildSettings = {
				ALWAYS_SEARCH_USER_PATHS = NO;
				CLANG_ANALYZER_NONNULL = YES;
				CLANG_ANALYZER_NUMBER_OBJECT_CONVERSION = YES_AGGRESSIVE;
				CLANG_CXX_LANGUAGE_STANDARD = "gnu++0x";
				CLANG_CXX_LIBRARY = "libc++";
				CLANG_ENABLE_MODULES = YES;
				CLANG_ENABLE_OBJC_ARC = YES;
				CLANG_WARN_BOOL_CONVERSION = YES;
				CLANG_WARN_CONSTANT_CONVERSION = YES;
				CLANG_WARN_DIRECT_OBJC_ISA_USAGE = YES_ERROR;
				CLANG_WARN_DOCUMENTATION_COMMENTS = YES;
				CLANG_WARN_EMPTY_BODY = YES;
				CLANG_WARN_ENUM_CONVERSION = YES;
				CLANG_WARN_INFINITE_RECURSION = YES;
				CLANG_WARN_INT_CONVERSION = YES;
				CLANG_WARN_OBJC_ROOT_CLASS = YES_ERROR;
				CLANG_WARN_SUSPICIOUS_MOVE = YES;
				CLANG_WARN_UNREACHABLE_CODE = YES;
				CLANG_WARN__DUPLICATE_METHOD_MATCH = YES;
				"CODE_SIGN_IDENTITY[sdk=iphoneos*]" = "iPhone Developer";
				COPY_PHASE_STRIP = NO;
				DEBUG_INFORMATION_FORMAT = "dwarf-with-dsym";
				ENABLE_NS_ASSERTIONS = NO;
				ENABLE_STRICT_OBJC_MSGSEND = YES;
				GCC_C_LANGUAGE_STANDARD = gnu99;
				GCC_NO_COMMON_BLOCKS = YES;
				GCC_WARN_64_TO_32_BIT_CONVERSION = YES;
				GCC_WARN_ABOUT_RETURN_TYPE = YES_ERROR;
				GCC_WARN_UNDECLARED_SELECTOR = YES;
				GCC_WARN_UNINITIALIZED_AUTOS = YES_AGGRESSIVE;
				GCC_WARN_UNUSED_FUNCTION = YES;
				GCC_WARN_UNUSED_VARIABLE = YES;
				IPHONEOS_DEPLOYMENT_TARGET = 10.3;
				MTL_ENABLE_DEBUG_INFO = NO;
				SDKROOT = iphoneos;
				SWIFT_OPTIMIZATION_LEVEL = "-Owholemodule";
				TARGETED_DEVICE_FAMILY = "1,2";
				VALIDATE_PRODUCT = YES;
			};
			name = Release;
		};
		B2A2038D1E9DD2EC000195BA /* Debug */ = {
			isa = XCBuildConfiguration;
			buildSettings = {
				ALWAYS_EMBED_SWIFT_STANDARD_LIBRARIES = YES;
				ASSETCATALOG_COMPILER_APPICON_NAME = AppIcon;
				DEVELOPMENT_TEAM = 4F48D7BT8E;
				INFOPLIST_FILE = ThompsonTracker/Info.plist;
				LD_RUNPATH_SEARCH_PATHS = "$(inherited) @executable_path/Frameworks";
				PRODUCT_BUNDLE_IDENTIFIER = com.mockdesign.ThompsonTracker;
				PRODUCT_NAME = "$(TARGET_NAME)";
				SWIFT_VERSION = 3.0;
			};
			name = Debug;
		};
		B2A2038E1E9DD2EC000195BA /* Release */ = {
			isa = XCBuildConfiguration;
			buildSettings = {
				ALWAYS_EMBED_SWIFT_STANDARD_LIBRARIES = YES;
				ASSETCATALOG_COMPILER_APPICON_NAME = AppIcon;
				DEVELOPMENT_TEAM = 4F48D7BT8E;
				INFOPLIST_FILE = ThompsonTracker/Info.plist;
				LD_RUNPATH_SEARCH_PATHS = "$(inherited) @executable_path/Frameworks";
				PRODUCT_BUNDLE_IDENTIFIER = com.mockdesign.ThompsonTracker;
				PRODUCT_NAME = "$(TARGET_NAME)";
				SWIFT_VERSION = 3.0;
			};
			name = Release;
		};
		B2A203901E9DD2EC000195BA /* Debug */ = {
			isa = XCBuildConfiguration;
			buildSettings = {
				ALWAYS_EMBED_SWIFT_STANDARD_LIBRARIES = YES;
				BUNDLE_LOADER = "$(TEST_HOST)";
				INFOPLIST_FILE = ThompsonTrackerTests/Info.plist;
				LD_RUNPATH_SEARCH_PATHS = "$(inherited) @executable_path/Frameworks @loader_path/Frameworks";
				PRODUCT_BUNDLE_IDENTIFIER = com.mockdesign.ThompsonTrackerTests;
				PRODUCT_NAME = "$(TARGET_NAME)";
				SWIFT_VERSION = 3.0;
				TEST_HOST = "$(BUILT_PRODUCTS_DIR)/ThompsonTracker.app/ThompsonTracker";
			};
			name = Debug;
		};
		B2A203911E9DD2EC000195BA /* Release */ = {
			isa = XCBuildConfiguration;
			buildSettings = {
				ALWAYS_EMBED_SWIFT_STANDARD_LIBRARIES = YES;
				BUNDLE_LOADER = "$(TEST_HOST)";
				INFOPLIST_FILE = ThompsonTrackerTests/Info.plist;
				LD_RUNPATH_SEARCH_PATHS = "$(inherited) @executable_path/Frameworks @loader_path/Frameworks";
				PRODUCT_BUNDLE_IDENTIFIER = com.mockdesign.ThompsonTrackerTests;
				PRODUCT_NAME = "$(TARGET_NAME)";
				SWIFT_VERSION = 3.0;
				TEST_HOST = "$(BUILT_PRODUCTS_DIR)/ThompsonTracker.app/ThompsonTracker";
			};
			name = Release;
		};
		B2A203931E9DD2EC000195BA /* Debug */ = {
			isa = XCBuildConfiguration;
			buildSettings = {
				ALWAYS_EMBED_SWIFT_STANDARD_LIBRARIES = YES;
				INFOPLIST_FILE = ThompsonTrackerUITests/Info.plist;
				LD_RUNPATH_SEARCH_PATHS = "$(inherited) @executable_path/Frameworks @loader_path/Frameworks";
				PRODUCT_BUNDLE_IDENTIFIER = com.mockdesign.ThompsonTrackerUITests;
				PRODUCT_NAME = "$(TARGET_NAME)";
				SWIFT_VERSION = 3.0;
				TEST_TARGET_NAME = ThompsonTracker;
			};
			name = Debug;
		};
		B2A203941E9DD2EC000195BA /* Release */ = {
			isa = XCBuildConfiguration;
			buildSettings = {
				ALWAYS_EMBED_SWIFT_STANDARD_LIBRARIES = YES;
				INFOPLIST_FILE = ThompsonTrackerUITests/Info.plist;
				LD_RUNPATH_SEARCH_PATHS = "$(inherited) @executable_path/Frameworks @loader_path/Frameworks";
				PRODUCT_BUNDLE_IDENTIFIER = com.mockdesign.ThompsonTrackerUITests;
				PRODUCT_NAME = "$(TARGET_NAME)";
				SWIFT_VERSION = 3.0;
				TEST_TARGET_NAME = ThompsonTracker;
			};
			name = Release;
		};
/* End XCBuildConfiguration section */

/* Begin XCConfigurationList section */
		B2A2035C1E9DD2EC000195BA /* Build configuration list for PBXProject "ThompsonTracker" */ = {
			isa = XCConfigurationList;
			buildConfigurations = (
				B2A2038A1E9DD2EC000195BA /* Debug */,
				B2A2038B1E9DD2EC000195BA /* Release */,
			);
			defaultConfigurationIsVisible = 0;
			defaultConfigurationName = Release;
		};
		B2A2038C1E9DD2EC000195BA /* Build configuration list for PBXNativeTarget "ThompsonTracker" */ = {
			isa = XCConfigurationList;
			buildConfigurations = (
				B2A2038D1E9DD2EC000195BA /* Debug */,
				B2A2038E1E9DD2EC000195BA /* Release */,
			);
			defaultConfigurationIsVisible = 0;
			defaultConfigurationName = Release;
		};
		B2A2038F1E9DD2EC000195BA /* Build configuration list for PBXNativeTarget "ThompsonTrackerTests" */ = {
			isa = XCConfigurationList;
			buildConfigurations = (
				B2A203901E9DD2EC000195BA /* Debug */,
				B2A203911E9DD2EC000195BA /* Release */,
			);
			defaultConfigurationIsVisible = 0;
			defaultConfigurationName = Release;
		};
		B2A203921E9DD2EC000195BA /* Build configuration list for PBXNativeTarget "ThompsonTrackerUITests" */ = {
			isa = XCConfigurationList;
			buildConfigurations = (
				B2A203931E9DD2EC000195BA /* Debug */,
				B2A203941E9DD2EC000195BA /* Release */,
			);
			defaultConfigurationIsVisible = 0;
			defaultConfigurationName = Release;
		};
/* End XCConfigurationList section */

/* Begin XCVersionGroup section */
		B2A2036B1E9DD2EC000195BA /* ThompsonTracker.xcdatamodeld */ = {
			isa = XCVersionGroup;
			children = (
				B2A2036C1E9DD2EC000195BA /* ThompsonTracker.xcdatamodel */,
			);
			currentVersion = B2A2036C1E9DD2EC000195BA /* ThompsonTracker.xcdatamodel */;
			path = ThompsonTracker.xcdatamodeld;
			sourceTree = "<group>";
			versionGroupType = wrapper.xcdatamodel;
		};
/* End XCVersionGroup section */
	};
	rootObject = B2A203591E9DD2EC000195BA /* Project object */;
}
