// !$*UTF8*$!
{
	archiveVersion = 1;
	classes = {
	};
	objectVersion = 46;
	objects = {

/* Begin PBXBuildFile section */
		710B71341EB2BA0A009D4262 /* AddPatientViewController.swift in Sources */ = {isa = PBXBuildFile; fileRef = 710B71331EB2BA0A009D4262 /* AddPatientViewController.swift */; };
		710B71391EB2C5F6009D4262 /* FirstnameTableViewCell.swift in Sources */ = {isa = PBXBuildFile; fileRef = 710B71381EB2C5F6009D4262 /* FirstnameTableViewCell.swift */; };
		710B713B1EB2C600009D4262 /* LastnameTableViewCell.swift in Sources */ = {isa = PBXBuildFile; fileRef = 710B713A1EB2C600009D4262 /* LastnameTableViewCell.swift */; };
		710B713D1EB2C607009D4262 /* NicknameTableViewCell.swift in Sources */ = {isa = PBXBuildFile; fileRef = 710B713C1EB2C607009D4262 /* NicknameTableViewCell.swift */; };
		710B71411EB2C624009D4262 /* BirthdateTableViewCell.swift in Sources */ = {isa = PBXBuildFile; fileRef = 710B71401EB2C624009D4262 /* BirthdateTableViewCell.swift */; };
		710B71431EB2C638009D4262 /* DoctorTableViewCell.swift in Sources */ = {isa = PBXBuildFile; fileRef = 710B71421EB2C638009D4262 /* DoctorTableViewCell.swift */; };
		710B71451EB2C63E009D4262 /* HospitalTableViewCell.swift in Sources */ = {isa = PBXBuildFile; fileRef = 710B71441EB2C63E009D4262 /* HospitalTableViewCell.swift */; };
		710B71471EB2C645009D4262 /* PhotoTableViewCell.swift in Sources */ = {isa = PBXBuildFile; fileRef = 710B71461EB2C645009D4262 /* PhotoTableViewCell.swift */; };
		7198321F1EB10EFB002BC697 /* ResearchKit.framework in Frameworks */ = {isa = PBXBuildFile; fileRef = 7198321C1EB10E6E002BC697 /* ResearchKit.framework */; };
		719832201EB10EFB002BC697 /* ResearchKit.framework in Embed Frameworks */ = {isa = PBXBuildFile; fileRef = 7198321C1EB10E6E002BC697 /* ResearchKit.framework */; settings = {ATTRIBUTES = (CodeSignOnCopy, RemoveHeadersOnCopy, ); }; };
		719832241EB1125E002BC697 /* PatientViewController.swift in Sources */ = {isa = PBXBuildFile; fileRef = 719832231EB1125E002BC697 /* PatientViewController.swift */; };
		719832261EB1126C002BC697 /* PatientTableViewCell.swift in Sources */ = {isa = PBXBuildFile; fileRef = 719832251EB1126C002BC697 /* PatientTableViewCell.swift */; };
		B217C50E1EA97F9700AE6BCD /* Model.swift in Sources */ = {isa = PBXBuildFile; fileRef = B217C50D1EA97F9700AE6BCD /* Model.swift */; };
		B217C5131EA9831600AE6BCD /* Activity+CoreDataClass.swift in Sources */ = {isa = PBXBuildFile; fileRef = B217C50F1EA9831600AE6BCD /* Activity+CoreDataClass.swift */; };
		B217C5141EA9831600AE6BCD /* Activity+CoreDataProperties.swift in Sources */ = {isa = PBXBuildFile; fileRef = B217C5101EA9831600AE6BCD /* Activity+CoreDataProperties.swift */; };
		B217C5151EA9831600AE6BCD /* Hyperactivity+CoreDataClass.swift in Sources */ = {isa = PBXBuildFile; fileRef = B217C5111EA9831600AE6BCD /* Hyperactivity+CoreDataClass.swift */; };
		B217C5161EA9831600AE6BCD /* Hyperactivity+CoreDataProperties.swift in Sources */ = {isa = PBXBuildFile; fileRef = B217C5121EA9831600AE6BCD /* Hyperactivity+CoreDataProperties.swift */; };
		B217C5181EAA73A100AE6BCD /* CustomLayout.swift in Sources */ = {isa = PBXBuildFile; fileRef = B217C5171EAA73A100AE6BCD /* CustomLayout.swift */; };
		B28682711EAE761C002A768A /* angryFace.jpg in Resources */ = {isa = PBXBuildFile; fileRef = B28682511EAE761C002A768A /* angryFace.jpg */; };
		B28682721EAE761C002A768A /* anxiety.png in Resources */ = {isa = PBXBuildFile; fileRef = B28682521EAE761C002A768A /* anxiety.png */; };
		B28682741EAE761C002A768A /* brain.png in Resources */ = {isa = PBXBuildFile; fileRef = B28682541EAE761C002A768A /* brain.png */; };
		B28682751EAE761C002A768A /* cal2.png in Resources */ = {isa = PBXBuildFile; fileRef = B28682551EAE761C002A768A /* cal2.png */; };
		B28682761EAE761C002A768A /* calendar.png in Resources */ = {isa = PBXBuildFile; fileRef = B28682561EAE761C002A768A /* calendar.png */; };
		B28682771EAE761C002A768A /* clouds.png in Resources */ = {isa = PBXBuildFile; fileRef = B28682571EAE761C002A768A /* clouds.png */; };
		B28682791EAE761C002A768A /* diet.png in Resources */ = {isa = PBXBuildFile; fileRef = B28682591EAE761C002A768A /* diet.png */; };
		B286827A1EAE761C002A768A /* digestiveSystem.png in Resources */ = {isa = PBXBuildFile; fileRef = B286825A1EAE761C002A768A /* digestiveSystem.png */; };
		B286827B1EAE761C002A768A /* frustratedFace.png in Resources */ = {isa = PBXBuildFile; fileRef = B286825B1EAE761C002A768A /* frustratedFace.png */; };
		B286827D1EAE761C002A768A /* handshake.png in Resources */ = {isa = PBXBuildFile; fileRef = B286825D1EAE761C002A768A /* handshake.png */; };
		B286827E1EAE761C002A768A /* happy.png in Resources */ = {isa = PBXBuildFile; fileRef = B286825E1EAE761C002A768A /* happy.png */; };
		B286827F1EAE761C002A768A /* headache.png in Resources */ = {isa = PBXBuildFile; fileRef = B286825F1EAE761C002A768A /* headache.png */; };
		B28682801EAE761C002A768A /* health.png in Resources */ = {isa = PBXBuildFile; fileRef = B28682601EAE761C002A768A /* health.png */; };
		B28682811EAE761C002A768A /* irritability.png in Resources */ = {isa = PBXBuildFile; fileRef = B28682611EAE761C002A768A /* irritability.png */; };
		B28682821EAE761C002A768A /* lightning.png in Resources */ = {isa = PBXBuildFile; fileRef = B28682621EAE761C002A768A /* lightning.png */; };
		B28682831EAE761C002A768A /* lungs.png in Resources */ = {isa = PBXBuildFile; fileRef = B28682631EAE761C002A768A /* lungs.png */; };
		B28682841EAE761C002A768A /* mentalHealth.png in Resources */ = {isa = PBXBuildFile; fileRef = B28682641EAE761C002A768A /* mentalHealth.png */; };
		B28682851EAE761C002A768A /* neutralFace.png in Resources */ = {isa = PBXBuildFile; fileRef = B28682651EAE761C002A768A /* neutralFace.png */; };
		B28682861EAE761C002A768A /* poop.png in Resources */ = {isa = PBXBuildFile; fileRef = B28682661EAE761C002A768A /* poop.png */; };
		B28682871EAE761C002A768A /* refresh.png in Resources */ = {isa = PBXBuildFile; fileRef = B28682671EAE761C002A768A /* refresh.png */; };
		B28682881EAE761C002A768A /* sadFace.png in Resources */ = {isa = PBXBuildFile; fileRef = B28682681EAE761C002A768A /* sadFace.png */; };
		B28682891EAE761C002A768A /* sickFace.png in Resources */ = {isa = PBXBuildFile; fileRef = B28682691EAE761C002A768A /* sickFace.png */; };
		B286828A1EAE761C002A768A /* sleep.png in Resources */ = {isa = PBXBuildFile; fileRef = B286826A1EAE761C002A768A /* sleep.png */; };
		B286828B1EAE761C002A768A /* smile.png in Resources */ = {isa = PBXBuildFile; fileRef = B286826B1EAE761C002A768A /* smile.png */; };
		B286828C1EAE761C002A768A /* speech.png in Resources */ = {isa = PBXBuildFile; fileRef = B286826C1EAE761C002A768A /* speech.png */; };
		B286828D1EAE761C002A768A /* suprisedFace.png in Resources */ = {isa = PBXBuildFile; fileRef = B286826D1EAE761C002A768A /* suprisedFace.png */; };
		B286828E1EAE761C002A768A /* ticks.png in Resources */ = {isa = PBXBuildFile; fileRef = B286826E1EAE761C002A768A /* ticks.png */; };
		B286828F1EAE761C002A768A /* user.png in Resources */ = {isa = PBXBuildFile; fileRef = B286826F1EAE761C002A768A /* user.png */; };
		B28682901EAE761C002A768A /* waxingMoon.png in Resources */ = {isa = PBXBuildFile; fileRef = B28682701EAE761C002A768A /* waxingMoon.png */; };
		B29022D21EAFBCD60008391E /* Thompson Tracker Logo.png in Resources */ = {isa = PBXBuildFile; fileRef = B29022D11EAFBCD60008391E /* Thompson Tracker Logo.png */; };
		B29022D41EAFD77B0008391E /* gear.png in Resources */ = {isa = PBXBuildFile; fileRef = B29022D31EAFD77B0008391E /* gear.png */; };
		B29022D61EAFD7C90008391E /* dashboard.png in Resources */ = {isa = PBXBuildFile; fileRef = B29022D51EAFD7C90008391E /* dashboard.png */; };
		B29022D81EAFD8020008391E /* bargraph.png in Resources */ = {isa = PBXBuildFile; fileRef = B29022D71EAFD8020008391E /* bargraph.png */; };
		B29022DA1EAFD9050008391E /* barButtonIcon.png in Resources */ = {isa = PBXBuildFile; fileRef = B29022D91EAFD9050008391E /* barButtonIcon.png */; };
		B2A181EE1EAA9F38002FA82F /* GraphView.swift in Sources */ = {isa = PBXBuildFile; fileRef = B2A181ED1EAA9F38002FA82F /* GraphView.swift */; };
		B2A181F41EAD3BCC002FA82F /* GraphViewController.swift in Sources */ = {isa = PBXBuildFile; fileRef = B2A181F31EAD3BCC002FA82F /* GraphViewController.swift */; };
		B2A203651E9DD2EC000195BA /* AppDelegate.swift in Sources */ = {isa = PBXBuildFile; fileRef = B2A203641E9DD2EC000195BA /* AppDelegate.swift */; };
		B2A2036A1E9DD2EC000195BA /* Main.storyboard in Resources */ = {isa = PBXBuildFile; fileRef = B2A203681E9DD2EC000195BA /* Main.storyboard */; };
		B2A2036D1E9DD2EC000195BA /* ThompsonTracker.xcdatamodeld in Sources */ = {isa = PBXBuildFile; fileRef = B2A2036B1E9DD2EC000195BA /* ThompsonTracker.xcdatamodeld */; };
		B2A2036F1E9DD2EC000195BA /* Assets.xcassets in Resources */ = {isa = PBXBuildFile; fileRef = B2A2036E1E9DD2EC000195BA /* Assets.xcassets */; };
		B2A203721E9DD2EC000195BA /* LaunchScreen.storyboard in Resources */ = {isa = PBXBuildFile; fileRef = B2A203701E9DD2EC000195BA /* LaunchScreen.storyboard */; };
		B2A2037D1E9DD2EC000195BA /* ThompsonTrackerTests.swift in Sources */ = {isa = PBXBuildFile; fileRef = B2A2037C1E9DD2EC000195BA /* ThompsonTrackerTests.swift */; };
		B2A203881E9DD2EC000195BA /* ThompsonTrackerUITests.swift in Sources */ = {isa = PBXBuildFile; fileRef = B2A203871E9DD2EC000195BA /* ThompsonTrackerUITests.swift */; };
		B2A203A51E9DD4CF000195BA /* ConsentDocument.swift in Sources */ = {isa = PBXBuildFile; fileRef = B2A203A41E9DD4CF000195BA /* ConsentDocument.swift */; };
		B2A203A71E9DD6A9000195BA /* ConsentTask.swift in Sources */ = {isa = PBXBuildFile; fileRef = B2A203A61E9DD6A9000195BA /* ConsentTask.swift */; };
		B2A203BD1EA477E9000195BA /* DashDetailViewController.swift in Sources */ = {isa = PBXBuildFile; fileRef = B2A203BC1EA477E9000195BA /* DashDetailViewController.swift */; };
		B2A203FF1EA5381C000195BA /* ActivityTableViewCell.swift in Sources */ = {isa = PBXBuildFile; fileRef = B2A203FE1EA5381C000195BA /* ActivityTableViewCell.swift */; };
		B2A204011EA559CB000195BA /* DashboardViewController.swift in Sources */ = {isa = PBXBuildFile; fileRef = B2A204001EA559CB000195BA /* DashboardViewController.swift */; };
		B2A204031EA55C31000195BA /* DashboardCollectionViewCell.swift in Sources */ = {isa = PBXBuildFile; fileRef = B2A204021EA55C31000195BA /* DashboardCollectionViewCell.swift */; };
		B2EA852A1EA5C10100B4E689 /* BehaviourTasks.swift in Sources */ = {isa = PBXBuildFile; fileRef = B2EA85291EA5C10100B4E689 /* BehaviourTasks.swift */; };
/* End PBXBuildFile section */

/* Begin PBXContainerItemProxy section */
		7198321B1EB10E6E002BC697 /* PBXContainerItemProxy */ = {
			isa = PBXContainerItemProxy;
			containerPortal = 719832151EB10E6D002BC697 /* ResearchKit.xcodeproj */;
			proxyType = 2;
			remoteGlobalIDString = B183A5951A8535D100C76870;
			remoteInfo = ResearchKit;
		};
		7198321D1EB10E6E002BC697 /* PBXContainerItemProxy */ = {
			isa = PBXContainerItemProxy;
			containerPortal = 719832151EB10E6D002BC697 /* ResearchKit.xcodeproj */;
			proxyType = 2;
			remoteGlobalIDString = 86CC8E9A1AC09332001CCD89;
			remoteInfo = ResearchKitTests;
		};
		719832211EB10EFB002BC697 /* PBXContainerItemProxy */ = {
			isa = PBXContainerItemProxy;
			containerPortal = 719832151EB10E6D002BC697 /* ResearchKit.xcodeproj */;
			proxyType = 1;
			remoteGlobalIDString = B183A4731A8535D100C76870;
			remoteInfo = ResearchKit;
		};
		B2A203791E9DD2EC000195BA /* PBXContainerItemProxy */ = {
			isa = PBXContainerItemProxy;
			containerPortal = B2A203591E9DD2EC000195BA /* Project object */;
			proxyType = 1;
			remoteGlobalIDString = B2A203601E9DD2EC000195BA;
			remoteInfo = ThompsonTracker;
		};
		B2A203841E9DD2EC000195BA /* PBXContainerItemProxy */ = {
			isa = PBXContainerItemProxy;
			containerPortal = B2A203591E9DD2EC000195BA /* Project object */;
			proxyType = 1;
			remoteGlobalIDString = B2A203601E9DD2EC000195BA;
			remoteInfo = ThompsonTracker;
		};
/* End PBXContainerItemProxy section */

/* Begin PBXCopyFilesBuildPhase section */
		B2A203A31E9DD457000195BA /* Embed Frameworks */ = {
			isa = PBXCopyFilesBuildPhase;
			buildActionMask = 2147483647;
			dstPath = "";
			dstSubfolderSpec = 10;
			files = (
				719832201EB10EFB002BC697 /* ResearchKit.framework in Embed Frameworks */,
			);
			name = "Embed Frameworks";
			runOnlyForDeploymentPostprocessing = 0;
		};
/* End PBXCopyFilesBuildPhase section */

/* Begin PBXFileReference section */
		710B71331EB2BA0A009D4262 /* AddPatientViewController.swift */ = {isa = PBXFileReference; fileEncoding = 4; lastKnownFileType = sourcecode.swift; path = AddPatientViewController.swift; sourceTree = "<group>"; };
		710B71381EB2C5F6009D4262 /* FirstnameTableViewCell.swift */ = {isa = PBXFileReference; fileEncoding = 4; lastKnownFileType = sourcecode.swift; path = FirstnameTableViewCell.swift; sourceTree = "<group>"; };
		710B713A1EB2C600009D4262 /* LastnameTableViewCell.swift */ = {isa = PBXFileReference; fileEncoding = 4; lastKnownFileType = sourcecode.swift; path = LastnameTableViewCell.swift; sourceTree = "<group>"; };
		710B713C1EB2C607009D4262 /* NicknameTableViewCell.swift */ = {isa = PBXFileReference; fileEncoding = 4; lastKnownFileType = sourcecode.swift; path = NicknameTableViewCell.swift; sourceTree = "<group>"; };
		710B71401EB2C624009D4262 /* BirthdateTableViewCell.swift */ = {isa = PBXFileReference; fileEncoding = 4; lastKnownFileType = sourcecode.swift; path = BirthdateTableViewCell.swift; sourceTree = "<group>"; };
		710B71421EB2C638009D4262 /* DoctorTableViewCell.swift */ = {isa = PBXFileReference; fileEncoding = 4; lastKnownFileType = sourcecode.swift; path = DoctorTableViewCell.swift; sourceTree = "<group>"; };
		710B71441EB2C63E009D4262 /* HospitalTableViewCell.swift */ = {isa = PBXFileReference; fileEncoding = 4; lastKnownFileType = sourcecode.swift; path = HospitalTableViewCell.swift; sourceTree = "<group>"; };
		710B71461EB2C645009D4262 /* PhotoTableViewCell.swift */ = {isa = PBXFileReference; fileEncoding = 4; lastKnownFileType = sourcecode.swift; path = PhotoTableViewCell.swift; sourceTree = "<group>"; };
		719832151EB10E6D002BC697 /* ResearchKit.xcodeproj */ = {isa = PBXFileReference; lastKnownFileType = "wrapper.pb-project"; name = ResearchKit.xcodeproj; path = ResearchKit/ResearchKit.xcodeproj; sourceTree = SOURCE_ROOT; };
		719832231EB1125E002BC697 /* PatientViewController.swift */ = {isa = PBXFileReference; fileEncoding = 4; lastKnownFileType = sourcecode.swift; path = PatientViewController.swift; sourceTree = "<group>"; };
		719832251EB1126C002BC697 /* PatientTableViewCell.swift */ = {isa = PBXFileReference; fileEncoding = 4; lastKnownFileType = sourcecode.swift; path = PatientTableViewCell.swift; sourceTree = "<group>"; };
		B217C50D1EA97F9700AE6BCD /* Model.swift */ = {isa = PBXFileReference; fileEncoding = 4; lastKnownFileType = sourcecode.swift; path = Model.swift; sourceTree = "<group>"; };
		B217C50F1EA9831600AE6BCD /* Activity+CoreDataClass.swift */ = {isa = PBXFileReference; fileEncoding = 4; lastKnownFileType = sourcecode.swift; path = "Activity+CoreDataClass.swift"; sourceTree = "<group>"; };
		B217C5101EA9831600AE6BCD /* Activity+CoreDataProperties.swift */ = {isa = PBXFileReference; fileEncoding = 4; lastKnownFileType = sourcecode.swift; path = "Activity+CoreDataProperties.swift"; sourceTree = "<group>"; };
		B217C5111EA9831600AE6BCD /* Hyperactivity+CoreDataClass.swift */ = {isa = PBXFileReference; fileEncoding = 4; lastKnownFileType = sourcecode.swift; path = "Hyperactivity+CoreDataClass.swift"; sourceTree = "<group>"; };
		B217C5121EA9831600AE6BCD /* Hyperactivity+CoreDataProperties.swift */ = {isa = PBXFileReference; fileEncoding = 4; lastKnownFileType = sourcecode.swift; path = "Hyperactivity+CoreDataProperties.swift"; sourceTree = "<group>"; };
		B217C5171EAA73A100AE6BCD /* CustomLayout.swift */ = {isa = PBXFileReference; fileEncoding = 4; lastKnownFileType = sourcecode.swift; path = CustomLayout.swift; sourceTree = "<group>"; };
		B28682511EAE761C002A768A /* angryFace.jpg */ = {isa = PBXFileReference; lastKnownFileType = image.jpeg; path = angryFace.jpg; sourceTree = "<group>"; };
		B28682521EAE761C002A768A /* anxiety.png */ = {isa = PBXFileReference; lastKnownFileType = image.png; path = anxiety.png; sourceTree = "<group>"; };
		B28682541EAE761C002A768A /* brain.png */ = {isa = PBXFileReference; lastKnownFileType = image.png; path = brain.png; sourceTree = "<group>"; };
		B28682551EAE761C002A768A /* cal2.png */ = {isa = PBXFileReference; lastKnownFileType = image.png; path = cal2.png; sourceTree = "<group>"; };
		B28682561EAE761C002A768A /* calendar.png */ = {isa = PBXFileReference; lastKnownFileType = image.png; path = calendar.png; sourceTree = "<group>"; };
		B28682571EAE761C002A768A /* clouds.png */ = {isa = PBXFileReference; lastKnownFileType = image.png; path = clouds.png; sourceTree = "<group>"; };
		B28682591EAE761C002A768A /* diet.png */ = {isa = PBXFileReference; lastKnownFileType = image.png; path = diet.png; sourceTree = "<group>"; };
		B286825A1EAE761C002A768A /* digestiveSystem.png */ = {isa = PBXFileReference; lastKnownFileType = image.png; path = digestiveSystem.png; sourceTree = "<group>"; };
		B286825B1EAE761C002A768A /* frustratedFace.png */ = {isa = PBXFileReference; lastKnownFileType = image.png; path = frustratedFace.png; sourceTree = "<group>"; };
		B286825D1EAE761C002A768A /* handshake.png */ = {isa = PBXFileReference; lastKnownFileType = image.png; path = handshake.png; sourceTree = "<group>"; };
		B286825E1EAE761C002A768A /* happy.png */ = {isa = PBXFileReference; lastKnownFileType = image.png; path = happy.png; sourceTree = "<group>"; };
		B286825F1EAE761C002A768A /* headache.png */ = {isa = PBXFileReference; lastKnownFileType = image.png; path = headache.png; sourceTree = "<group>"; };
		B28682601EAE761C002A768A /* health.png */ = {isa = PBXFileReference; lastKnownFileType = image.png; path = health.png; sourceTree = "<group>"; };
		B28682611EAE761C002A768A /* irritability.png */ = {isa = PBXFileReference; lastKnownFileType = image.png; path = irritability.png; sourceTree = "<group>"; };
		B28682621EAE761C002A768A /* lightning.png */ = {isa = PBXFileReference; lastKnownFileType = image.png; path = lightning.png; sourceTree = "<group>"; };
		B28682631EAE761C002A768A /* lungs.png */ = {isa = PBXFileReference; lastKnownFileType = image.png; path = lungs.png; sourceTree = "<group>"; };
		B28682641EAE761C002A768A /* mentalHealth.png */ = {isa = PBXFileReference; lastKnownFileType = image.png; path = mentalHealth.png; sourceTree = "<group>"; };
		B28682651EAE761C002A768A /* neutralFace.png */ = {isa = PBXFileReference; lastKnownFileType = image.png; path = neutralFace.png; sourceTree = "<group>"; };
		B28682661EAE761C002A768A /* poop.png */ = {isa = PBXFileReference; lastKnownFileType = image.png; path = poop.png; sourceTree = "<group>"; };
		B28682671EAE761C002A768A /* refresh.png */ = {isa = PBXFileReference; lastKnownFileType = image.png; path = refresh.png; sourceTree = "<group>"; };
		B28682681EAE761C002A768A /* sadFace.png */ = {isa = PBXFileReference; lastKnownFileType = image.png; path = sadFace.png; sourceTree = "<group>"; };
		B28682691EAE761C002A768A /* sickFace.png */ = {isa = PBXFileReference; lastKnownFileType = image.png; path = sickFace.png; sourceTree = "<group>"; };
		B286826A1EAE761C002A768A /* sleep.png */ = {isa = PBXFileReference; lastKnownFileType = image.png; path = sleep.png; sourceTree = "<group>"; };
		B286826B1EAE761C002A768A /* smile.png */ = {isa = PBXFileReference; lastKnownFileType = image.png; path = smile.png; sourceTree = "<group>"; };
		B286826C1EAE761C002A768A /* speech.png */ = {isa = PBXFileReference; lastKnownFileType = image.png; path = speech.png; sourceTree = "<group>"; };
		B286826D1EAE761C002A768A /* suprisedFace.png */ = {isa = PBXFileReference; lastKnownFileType = image.png; path = suprisedFace.png; sourceTree = "<group>"; };
		B286826E1EAE761C002A768A /* ticks.png */ = {isa = PBXFileReference; lastKnownFileType = image.png; path = ticks.png; sourceTree = "<group>"; };
		B286826F1EAE761C002A768A /* user.png */ = {isa = PBXFileReference; lastKnownFileType = image.png; path = user.png; sourceTree = "<group>"; };
		B28682701EAE761C002A768A /* waxingMoon.png */ = {isa = PBXFileReference; lastKnownFileType = image.png; path = waxingMoon.png; sourceTree = "<group>"; };
		B29022D11EAFBCD60008391E /* Thompson Tracker Logo.png */ = {isa = PBXFileReference; lastKnownFileType = image.png; path = "Thompson Tracker Logo.png"; sourceTree = "<group>"; };
		B29022D31EAFD77B0008391E /* gear.png */ = {isa = PBXFileReference; lastKnownFileType = image.png; path = gear.png; sourceTree = "<group>"; };
		B29022D51EAFD7C90008391E /* dashboard.png */ = {isa = PBXFileReference; lastKnownFileType = image.png; path = dashboard.png; sourceTree = "<group>"; };
		B29022D71EAFD8020008391E /* bargraph.png */ = {isa = PBXFileReference; lastKnownFileType = image.png; path = bargraph.png; sourceTree = "<group>"; };
		B29022D91EAFD9050008391E /* barButtonIcon.png */ = {isa = PBXFileReference; lastKnownFileType = image.png; path = barButtonIcon.png; sourceTree = "<group>"; };
		B2A181ED1EAA9F38002FA82F /* GraphView.swift */ = {isa = PBXFileReference; fileEncoding = 4; lastKnownFileType = sourcecode.swift; path = GraphView.swift; sourceTree = "<group>"; };
		B2A181F31EAD3BCC002FA82F /* GraphViewController.swift */ = {isa = PBXFileReference; fileEncoding = 4; lastKnownFileType = sourcecode.swift; path = GraphViewController.swift; sourceTree = "<group>"; };
		B2A203611E9DD2EC000195BA /* ThompsonTracker.app */ = {isa = PBXFileReference; explicitFileType = wrapper.application; includeInIndex = 0; path = ThompsonTracker.app; sourceTree = BUILT_PRODUCTS_DIR; };
		B2A203641E9DD2EC000195BA /* AppDelegate.swift */ = {isa = PBXFileReference; lastKnownFileType = sourcecode.swift; path = AppDelegate.swift; sourceTree = "<group>"; };
		B2A203691E9DD2EC000195BA /* Base */ = {isa = PBXFileReference; lastKnownFileType = file.storyboard; name = Base; path = Base.lproj/Main.storyboard; sourceTree = "<group>"; };
		B2A2036C1E9DD2EC000195BA /* ThompsonTracker.xcdatamodel */ = {isa = PBXFileReference; lastKnownFileType = wrapper.xcdatamodel; path = ThompsonTracker.xcdatamodel; sourceTree = "<group>"; };
		B2A2036E1E9DD2EC000195BA /* Assets.xcassets */ = {isa = PBXFileReference; lastKnownFileType = folder.assetcatalog; path = Assets.xcassets; sourceTree = "<group>"; };
		B2A203711E9DD2EC000195BA /* Base */ = {isa = PBXFileReference; lastKnownFileType = file.storyboard; name = Base; path = Base.lproj/LaunchScreen.storyboard; sourceTree = "<group>"; };
		B2A203731E9DD2EC000195BA /* Info.plist */ = {isa = PBXFileReference; lastKnownFileType = text.plist.xml; path = Info.plist; sourceTree = "<group>"; };
		B2A203781E9DD2EC000195BA /* ThompsonTrackerTests.xctest */ = {isa = PBXFileReference; explicitFileType = wrapper.cfbundle; includeInIndex = 0; path = ThompsonTrackerTests.xctest; sourceTree = BUILT_PRODUCTS_DIR; };
		B2A2037C1E9DD2EC000195BA /* ThompsonTrackerTests.swift */ = {isa = PBXFileReference; lastKnownFileType = sourcecode.swift; path = ThompsonTrackerTests.swift; sourceTree = "<group>"; };
		B2A2037E1E9DD2EC000195BA /* Info.plist */ = {isa = PBXFileReference; lastKnownFileType = text.plist.xml; path = Info.plist; sourceTree = "<group>"; };
		B2A203831E9DD2EC000195BA /* ThompsonTrackerUITests.xctest */ = {isa = PBXFileReference; explicitFileType = wrapper.cfbundle; includeInIndex = 0; path = ThompsonTrackerUITests.xctest; sourceTree = BUILT_PRODUCTS_DIR; };
		B2A203871E9DD2EC000195BA /* ThompsonTrackerUITests.swift */ = {isa = PBXFileReference; lastKnownFileType = sourcecode.swift; path = ThompsonTrackerUITests.swift; sourceTree = "<group>"; };
		B2A203891E9DD2EC000195BA /* Info.plist */ = {isa = PBXFileReference; lastKnownFileType = text.plist.xml; path = Info.plist; sourceTree = "<group>"; };
		B2A203A41E9DD4CF000195BA /* ConsentDocument.swift */ = {isa = PBXFileReference; fileEncoding = 4; lastKnownFileType = sourcecode.swift; path = ConsentDocument.swift; sourceTree = "<group>"; };
		B2A203A61E9DD6A9000195BA /* ConsentTask.swift */ = {isa = PBXFileReference; fileEncoding = 4; lastKnownFileType = sourcecode.swift; path = ConsentTask.swift; sourceTree = "<group>"; };
		B2A203BC1EA477E9000195BA /* DashDetailViewController.swift */ = {isa = PBXFileReference; fileEncoding = 4; lastKnownFileType = sourcecode.swift; path = DashDetailViewController.swift; sourceTree = "<group>"; };
		B2A203FE1EA5381C000195BA /* ActivityTableViewCell.swift */ = {isa = PBXFileReference; fileEncoding = 4; lastKnownFileType = sourcecode.swift; path = ActivityTableViewCell.swift; sourceTree = "<group>"; };
		B2A204001EA559CB000195BA /* DashboardViewController.swift */ = {isa = PBXFileReference; fileEncoding = 4; lastKnownFileType = sourcecode.swift; path = DashboardViewController.swift; sourceTree = "<group>"; };
		B2A204021EA55C31000195BA /* DashboardCollectionViewCell.swift */ = {isa = PBXFileReference; fileEncoding = 4; lastKnownFileType = sourcecode.swift; path = DashboardCollectionViewCell.swift; sourceTree = "<group>"; };
		B2EA85291EA5C10100B4E689 /* BehaviourTasks.swift */ = {isa = PBXFileReference; fileEncoding = 4; lastKnownFileType = sourcecode.swift; path = BehaviourTasks.swift; sourceTree = "<group>"; };
/* End PBXFileReference section */

/* Begin PBXFrameworksBuildPhase section */
		B2A2035E1E9DD2EC000195BA /* Frameworks */ = {
			isa = PBXFrameworksBuildPhase;
			buildActionMask = 2147483647;
			files = (
				7198321F1EB10EFB002BC697 /* ResearchKit.framework in Frameworks */,
			);
			runOnlyForDeploymentPostprocessing = 0;
		};
		B2A203751E9DD2EC000195BA /* Frameworks */ = {
			isa = PBXFrameworksBuildPhase;
			buildActionMask = 2147483647;
			files = (
			);
			runOnlyForDeploymentPostprocessing = 0;
		};
		B2A203801E9DD2EC000195BA /* Frameworks */ = {
			isa = PBXFrameworksBuildPhase;
			buildActionMask = 2147483647;
			files = (
			);
			runOnlyForDeploymentPostprocessing = 0;
		};
/* End PBXFrameworksBuildPhase section */

/* Begin PBXGroup section */
		710B71371EB2C5DE009D4262 /* Cell */ = {
			isa = PBXGroup;
			children = (
				710B713C1EB2C607009D4262 /* NicknameTableViewCell.swift */,
				710B71381EB2C5F6009D4262 /* FirstnameTableViewCell.swift */,
				710B713A1EB2C600009D4262 /* LastnameTableViewCell.swift */,
				710B71401EB2C624009D4262 /* BirthdateTableViewCell.swift */,
				710B71421EB2C638009D4262 /* DoctorTableViewCell.swift */,
				710B71441EB2C63E009D4262 /* HospitalTableViewCell.swift */,
				710B71461EB2C645009D4262 /* PhotoTableViewCell.swift */,
			);
			name = Cell;
			sourceTree = "<group>";
		};
		719832161EB10E6D002BC697 /* Products */ = {
			isa = PBXGroup;
			children = (
				7198321C1EB10E6E002BC697 /* ResearchKit.framework */,
				7198321E1EB10E6E002BC697 /* ResearchKitTests.xctest */,
			);
			name = Products;
			sourceTree = "<group>";
		};
		B217C50A1EA97F7900AE6BCD /* Model */ = {
			isa = PBXGroup;
			children = (
				B217C50F1EA9831600AE6BCD /* Activity+CoreDataClass.swift */,
				B217C5101EA9831600AE6BCD /* Activity+CoreDataProperties.swift */,
				B217C5111EA9831600AE6BCD /* Hyperactivity+CoreDataClass.swift */,
				B217C5121EA9831600AE6BCD /* Hyperactivity+CoreDataProperties.swift */,
				B217C50D1EA97F9700AE6BCD /* Model.swift */,
			);
			name = Model;
			sourceTree = "<group>";
		};
		B28682101EAE741A002A768A /* Images */ = {
			isa = PBXGroup;
			children = (
				B29022D91EAFD9050008391E /* barButtonIcon.png */,
				B29022D51EAFD7C90008391E /* dashboard.png */,
				B29022D71EAFD8020008391E /* bargraph.png */,
				B29022D31EAFD77B0008391E /* gear.png */,
				B28682511EAE761C002A768A /* angryFace.jpg */,
				B28682521EAE761C002A768A /* anxiety.png */,
				B28682541EAE761C002A768A /* brain.png */,
				B28682551EAE761C002A768A /* cal2.png */,
				B28682561EAE761C002A768A /* calendar.png */,
				B28682571EAE761C002A768A /* clouds.png */,
				B28682591EAE761C002A768A /* diet.png */,
				B286825A1EAE761C002A768A /* digestiveSystem.png */,
				B286825B1EAE761C002A768A /* frustratedFace.png */,
				B286825D1EAE761C002A768A /* handshake.png */,
				B286825E1EAE761C002A768A /* happy.png */,
				B286825F1EAE761C002A768A /* headache.png */,
				B28682601EAE761C002A768A /* health.png */,
				B28682611EAE761C002A768A /* irritability.png */,
				B28682621EAE761C002A768A /* lightning.png */,
				B28682631EAE761C002A768A /* lungs.png */,
				B28682641EAE761C002A768A /* mentalHealth.png */,
				B28682651EAE761C002A768A /* neutralFace.png */,
				B28682661EAE761C002A768A /* poop.png */,
				B28682671EAE761C002A768A /* refresh.png */,
				B28682681EAE761C002A768A /* sadFace.png */,
				B28682691EAE761C002A768A /* sickFace.png */,
				B286826A1EAE761C002A768A /* sleep.png */,
				B286826B1EAE761C002A768A /* smile.png */,
				B286826C1EAE761C002A768A /* speech.png */,
				B286826D1EAE761C002A768A /* suprisedFace.png */,
				B29022D11EAFBCD60008391E /* Thompson Tracker Logo.png */,
				B286826E1EAE761C002A768A /* ticks.png */,
				B286826F1EAE761C002A768A /* user.png */,
				B28682701EAE761C002A768A /* waxingMoon.png */,
			);
			name = Images;
			sourceTree = "<group>";
		};
		B2A203581E9DD2EC000195BA = {
			isa = PBXGroup;
			children = (
				B2A203631E9DD2EC000195BA /* ThompsonTracker */,
				B2A2037B1E9DD2EC000195BA /* ThompsonTrackerTests */,
				B2A203861E9DD2EC000195BA /* ThompsonTrackerUITests */,
				B2A203621E9DD2EC000195BA /* Products */,
			);
			sourceTree = "<group>";
		};
		B2A203621E9DD2EC000195BA /* Products */ = {
			isa = PBXGroup;
			children = (
				B2A203611E9DD2EC000195BA /* ThompsonTracker.app */,
				B2A203781E9DD2EC000195BA /* ThompsonTrackerTests.xctest */,
				B2A203831E9DD2EC000195BA /* ThompsonTrackerUITests.xctest */,
			);
			name = Products;
			sourceTree = "<group>";
		};
		B2A203631E9DD2EC000195BA /* ThompsonTracker */ = {
			isa = PBXGroup;
			children = (
				B28682101EAE741A002A768A /* Images */,
				B217C50A1EA97F7900AE6BCD /* Model */,
				719832151EB10E6D002BC697 /* ResearchKit.xcodeproj */,
				B2A203681E9DD2EC000195BA /* Main.storyboard */,
				B2A203641E9DD2EC000195BA /* AppDelegate.swift */,
				719832231EB1125E002BC697 /* PatientViewController.swift */,
				719832251EB1126C002BC697 /* PatientTableViewCell.swift */,
				710B71331EB2BA0A009D4262 /* AddPatientViewController.swift */,
				710B71371EB2C5DE009D4262 /* Cell */,
				B2A181F31EAD3BCC002FA82F /* GraphViewController.swift */,
				B2A181ED1EAA9F38002FA82F /* GraphView.swift */,
				B2A204001EA559CB000195BA /* DashboardViewController.swift */,
				B2A204021EA55C31000195BA /* DashboardCollectionViewCell.swift */,
				B2A203BC1EA477E9000195BA /* DashDetailViewController.swift */,
				B2A203FE1EA5381C000195BA /* ActivityTableViewCell.swift */,
				B2A2036E1E9DD2EC000195BA /* Assets.xcassets */,
				B2A203701E9DD2EC000195BA /* LaunchScreen.storyboard */,
				B2A203731E9DD2EC000195BA /* Info.plist */,
				B2A2036B1E9DD2EC000195BA /* ThompsonTracker.xcdatamodeld */,
				B2A203A41E9DD4CF000195BA /* ConsentDocument.swift */,
				B2A203A61E9DD6A9000195BA /* ConsentTask.swift */,
				B2EA85291EA5C10100B4E689 /* BehaviourTasks.swift */,
				B217C5171EAA73A100AE6BCD /* CustomLayout.swift */,
			);
			path = ThompsonTracker;
			sourceTree = "<group>";
		};
		B2A2037B1E9DD2EC000195BA /* ThompsonTrackerTests */ = {
			isa = PBXGroup;
			children = (
				B2A2037C1E9DD2EC000195BA /* ThompsonTrackerTests.swift */,
				B2A2037E1E9DD2EC000195BA /* Info.plist */,
			);
			path = ThompsonTrackerTests;
			sourceTree = "<group>";
		};
		B2A203861E9DD2EC000195BA /* ThompsonTrackerUITests */ = {
			isa = PBXGroup;
			children = (
				B2A203871E9DD2EC000195BA /* ThompsonTrackerUITests.swift */,
				B2A203891E9DD2EC000195BA /* Info.plist */,
			);
			path = ThompsonTrackerUITests;
			sourceTree = "<group>";
		};
/* End PBXGroup section */

/* Begin PBXNativeTarget section */
		B2A203601E9DD2EC000195BA /* ThompsonTracker */ = {
			isa = PBXNativeTarget;
			buildConfigurationList = B2A2038C1E9DD2EC000195BA /* Build configuration list for PBXNativeTarget "ThompsonTracker" */;
			buildPhases = (
				B2A2035D1E9DD2EC000195BA /* Sources */,
				B2A2035E1E9DD2EC000195BA /* Frameworks */,
				B2A2035F1E9DD2EC000195BA /* Resources */,
				B2A203A31E9DD457000195BA /* Embed Frameworks */,
			);
			buildRules = (
			);
			dependencies = (
				719832221EB10EFB002BC697 /* PBXTargetDependency */,
			);
			name = ThompsonTracker;
			productName = ThompsonTracker;
			productReference = B2A203611E9DD2EC000195BA /* ThompsonTracker.app */;
			productType = "com.apple.product-type.application";
		};
		B2A203771E9DD2EC000195BA /* ThompsonTrackerTests */ = {
			isa = PBXNativeTarget;
			buildConfigurationList = B2A2038F1E9DD2EC000195BA /* Build configuration list for PBXNativeTarget "ThompsonTrackerTests" */;
			buildPhases = (
				B2A203741E9DD2EC000195BA /* Sources */,
				B2A203751E9DD2EC000195BA /* Frameworks */,
				B2A203761E9DD2EC000195BA /* Resources */,
			);
			buildRules = (
			);
			dependencies = (
				B2A2037A1E9DD2EC000195BA /* PBXTargetDependency */,
			);
			name = ThompsonTrackerTests;
			productName = ThompsonTrackerTests;
			productReference = B2A203781E9DD2EC000195BA /* ThompsonTrackerTests.xctest */;
			productType = "com.apple.product-type.bundle.unit-test";
		};
		B2A203821E9DD2EC000195BA /* ThompsonTrackerUITests */ = {
			isa = PBXNativeTarget;
			buildConfigurationList = B2A203921E9DD2EC000195BA /* Build configuration list for PBXNativeTarget "ThompsonTrackerUITests" */;
			buildPhases = (
				B2A2037F1E9DD2EC000195BA /* Sources */,
				B2A203801E9DD2EC000195BA /* Frameworks */,
				B2A203811E9DD2EC000195BA /* Resources */,
			);
			buildRules = (
			);
			dependencies = (
				B2A203851E9DD2EC000195BA /* PBXTargetDependency */,
			);
			name = ThompsonTrackerUITests;
			productName = ThompsonTrackerUITests;
			productReference = B2A203831E9DD2EC000195BA /* ThompsonTrackerUITests.xctest */;
			productType = "com.apple.product-type.bundle.ui-testing";
		};
/* End PBXNativeTarget section */

/* Begin PBXProject section */
		B2A203591E9DD2EC000195BA /* Project object */ = {
			isa = PBXProject;
			attributes = {
				LastSwiftUpdateCheck = 0830;
				LastUpgradeCheck = 0830;
				ORGANIZATIONNAME = "Will Mock";
				TargetAttributes = {
					B2A203601E9DD2EC000195BA = {
						CreatedOnToolsVersion = 8.3.1;
						DevelopmentTeam = 7S69HUYJ5S;
						ProvisioningStyle = Automatic;
					};
					B2A203771E9DD2EC000195BA = {
						CreatedOnToolsVersion = 8.3.1;
						ProvisioningStyle = Automatic;
						TestTargetID = B2A203601E9DD2EC000195BA;
					};
					B2A203821E9DD2EC000195BA = {
						CreatedOnToolsVersion = 8.3.1;
						ProvisioningStyle = Automatic;
						TestTargetID = B2A203601E9DD2EC000195BA;
					};
				};
			};
			buildConfigurationList = B2A2035C1E9DD2EC000195BA /* Build configuration list for PBXProject "ThompsonTracker" */;
			compatibilityVersion = "Xcode 3.2";
			developmentRegion = English;
			hasScannedForEncodings = 0;
			knownRegions = (
				en,
				Base,
			);
			mainGroup = B2A203581E9DD2EC000195BA;
			productRefGroup = B2A203621E9DD2EC000195BA /* Products */;
			projectDirPath = "";
			projectReferences = (
				{
					ProductGroup = 719832161EB10E6D002BC697 /* Products */;
					ProjectRef = 719832151EB10E6D002BC697 /* ResearchKit.xcodeproj */;
				},
			);
			projectRoot = "";
			targets = (
				B2A203601E9DD2EC000195BA /* ThompsonTracker */,
				B2A203771E9DD2EC000195BA /* ThompsonTrackerTests */,
				B2A203821E9DD2EC000195BA /* ThompsonTrackerUITests */,
			);
		};
/* End PBXProject section */

/* Begin PBXReferenceProxy section */
		7198321C1EB10E6E002BC697 /* ResearchKit.framework */ = {
			isa = PBXReferenceProxy;
			fileType = wrapper.framework;
			path = ResearchKit.framework;
			remoteRef = 7198321B1EB10E6E002BC697 /* PBXContainerItemProxy */;
			sourceTree = BUILT_PRODUCTS_DIR;
		};
		7198321E1EB10E6E002BC697 /* ResearchKitTests.xctest */ = {
			isa = PBXReferenceProxy;
			fileType = wrapper.cfbundle;
			path = ResearchKitTests.xctest;
			remoteRef = 7198321D1EB10E6E002BC697 /* PBXContainerItemProxy */;
			sourceTree = BUILT_PRODUCTS_DIR;
		};
/* End PBXReferenceProxy section */

/* Begin PBXResourcesBuildPhase section */
		B2A2035F1E9DD2EC000195BA /* Resources */ = {
			isa = PBXResourcesBuildPhase;
			buildActionMask = 2147483647;
			files = (
				B28682711EAE761C002A768A /* angryFace.jpg in Resources */,
				B286828D1EAE761C002A768A /* suprisedFace.png in Resources */,
				B29022D81EAFD8020008391E /* bargraph.png in Resources */,
				B29022D41EAFD77B0008391E /* gear.png in Resources */,
				B28682741EAE761C002A768A /* brain.png in Resources */,
				B28682901EAE761C002A768A /* waxingMoon.png in Resources */,
				B2A203721E9DD2EC000195BA /* LaunchScreen.storyboard in Resources */,
				B28682811EAE761C002A768A /* irritability.png in Resources */,
				B29022D61EAFD7C90008391E /* dashboard.png in Resources */,
				B28682771EAE761C002A768A /* clouds.png in Resources */,
				B286827F1EAE761C002A768A /* headache.png in Resources */,
				B28682861EAE761C002A768A /* poop.png in Resources */,
				B286828C1EAE761C002A768A /* speech.png in Resources */,
				B28682721EAE761C002A768A /* anxiety.png in Resources */,
				B28682841EAE761C002A768A /* mentalHealth.png in Resources */,
				B28682821EAE761C002A768A /* lightning.png in Resources */,
				B29022DA1EAFD9050008391E /* barButtonIcon.png in Resources */,
				B28682791EAE761C002A768A /* diet.png in Resources */,
				B286828F1EAE761C002A768A /* user.png in Resources */,
				B286828E1EAE761C002A768A /* ticks.png in Resources */,
				B28682801EAE761C002A768A /* health.png in Resources */,
				B28682871EAE761C002A768A /* refresh.png in Resources */,
				B28682851EAE761C002A768A /* neutralFace.png in Resources */,
				B286827D1EAE761C002A768A /* handshake.png in Resources */,
				B28682761EAE761C002A768A /* calendar.png in Resources */,
				B286827E1EAE761C002A768A /* happy.png in Resources */,
				B2A2036F1E9DD2EC000195BA /* Assets.xcassets in Resources */,
				B28682751EAE761C002A768A /* cal2.png in Resources */,
				B29022D21EAFBCD60008391E /* Thompson Tracker Logo.png in Resources */,
				B286828A1EAE761C002A768A /* sleep.png in Resources */,
				B28682891EAE761C002A768A /* sickFace.png in Resources */,
				B286828B1EAE761C002A768A /* smile.png in Resources */,
				B28682881EAE761C002A768A /* sadFace.png in Resources */,
				B28682831EAE761C002A768A /* lungs.png in Resources */,
				B2A2036A1E9DD2EC000195BA /* Main.storyboard in Resources */,
				B286827B1EAE761C002A768A /* frustratedFace.png in Resources */,
				B286827A1EAE761C002A768A /* digestiveSystem.png in Resources */,
			);
			runOnlyForDeploymentPostprocessing = 0;
		};
		B2A203761E9DD2EC000195BA /* Resources */ = {
			isa = PBXResourcesBuildPhase;
			buildActionMask = 2147483647;
			files = (
			);
			runOnlyForDeploymentPostprocessing = 0;
		};
		B2A203811E9DD2EC000195BA /* Resources */ = {
			isa = PBXResourcesBuildPhase;
			buildActionMask = 2147483647;
			files = (
			);
			runOnlyForDeploymentPostprocessing = 0;
		};
/* End PBXResourcesBuildPhase section */

/* Begin PBXSourcesBuildPhase section */
		B2A2035D1E9DD2EC000195BA /* Sources */ = {
			isa = PBXSourcesBuildPhase;
			buildActionMask = 2147483647;
			files = (
				B217C5141EA9831600AE6BCD /* Activity+CoreDataProperties.swift in Sources */,
				B217C5161EA9831600AE6BCD /* Hyperactivity+CoreDataProperties.swift in Sources */,
				719832261EB1126C002BC697 /* PatientTableViewCell.swift in Sources */,
				B2A203BD1EA477E9000195BA /* DashDetailViewController.swift in Sources */,
				710B71431EB2C638009D4262 /* DoctorTableViewCell.swift in Sources */,
				710B713D1EB2C607009D4262 /* NicknameTableViewCell.swift in Sources */,
				B217C5131EA9831600AE6BCD /* Activity+CoreDataClass.swift in Sources */,
				B2A2036D1E9DD2EC000195BA /* ThompsonTracker.xcdatamodeld in Sources */,
				710B713B1EB2C600009D4262 /* LastnameTableViewCell.swift in Sources */,
				710B71451EB2C63E009D4262 /* HospitalTableViewCell.swift in Sources */,
				B2A203A51E9DD4CF000195BA /* ConsentDocument.swift in Sources */,
				B217C50E1EA97F9700AE6BCD /* Model.swift in Sources */,
				B2A204031EA55C31000195BA /* DashboardCollectionViewCell.swift in Sources */,
				710B71411EB2C624009D4262 /* BirthdateTableViewCell.swift in Sources */,
				710B71471EB2C645009D4262 /* PhotoTableViewCell.swift in Sources */,
				719832241EB1125E002BC697 /* PatientViewController.swift in Sources */,
				710B71391EB2C5F6009D4262 /* FirstnameTableViewCell.swift in Sources */,
				710B71341EB2BA0A009D4262 /* AddPatientViewController.swift in Sources */,
				B2A181F41EAD3BCC002FA82F /* GraphViewController.swift in Sources */,
				B217C5181EAA73A100AE6BCD /* CustomLayout.swift in Sources */,
				B2A181EE1EAA9F38002FA82F /* GraphView.swift in Sources */,
				B2A203A71E9DD6A9000195BA /* ConsentTask.swift in Sources */,
				B2A203FF1EA5381C000195BA /* ActivityTableViewCell.swift in Sources */,
				B217C5151EA9831600AE6BCD /* Hyperactivity+CoreDataClass.swift in Sources */,
				B2A203651E9DD2EC000195BA /* AppDelegate.swift in Sources */,
				B2EA852A1EA5C10100B4E689 /* BehaviourTasks.swift in Sources */,
				B2A204011EA559CB000195BA /* DashboardViewController.swift in Sources */,
			);
			runOnlyForDeploymentPostprocessing = 0;
		};
		B2A203741E9DD2EC000195BA /* Sources */ = {
			isa = PBXSourcesBuildPhase;
			buildActionMask = 2147483647;
			files = (
				B2A2037D1E9DD2EC000195BA /* ThompsonTrackerTests.swift in Sources */,
			);
			runOnlyForDeploymentPostprocessing = 0;
		};
		B2A2037F1E9DD2EC000195BA /* Sources */ = {
			isa = PBXSourcesBuildPhase;
			buildActionMask = 2147483647;
			files = (
				B2A203881E9DD2EC000195BA /* ThompsonTrackerUITests.swift in Sources */,
			);
			runOnlyForDeploymentPostprocessing = 0;
		};
/* End PBXSourcesBuildPhase section */

/* Begin PBXTargetDependency section */
		719832221EB10EFB002BC697 /* PBXTargetDependency */ = {
			isa = PBXTargetDependency;
			name = ResearchKit;
			targetProxy = 719832211EB10EFB002BC697 /* PBXContainerItemProxy */;
		};
		B2A2037A1E9DD2EC000195BA /* PBXTargetDependency */ = {
			isa = PBXTargetDependency;
			target = B2A203601E9DD2EC000195BA /* ThompsonTracker */;
			targetProxy = B2A203791E9DD2EC000195BA /* PBXContainerItemProxy */;
		};
		B2A203851E9DD2EC000195BA /* PBXTargetDependency */ = {
			isa = PBXTargetDependency;
			target = B2A203601E9DD2EC000195BA /* ThompsonTracker */;
			targetProxy = B2A203841E9DD2EC000195BA /* PBXContainerItemProxy */;
		};
/* End PBXTargetDependency section */

/* Begin PBXVariantGroup section */
		B2A203681E9DD2EC000195BA /* Main.storyboard */ = {
			isa = PBXVariantGroup;
			children = (
				B2A203691E9DD2EC000195BA /* Base */,
			);
			name = Main.storyboard;
			sourceTree = "<group>";
		};
		B2A203701E9DD2EC000195BA /* LaunchScreen.storyboard */ = {
			isa = PBXVariantGroup;
			children = (
				B2A203711E9DD2EC000195BA /* Base */,
			);
			name = LaunchScreen.storyboard;
			sourceTree = "<group>";
		};
/* End PBXVariantGroup section */

/* Begin XCBuildConfiguration section */
		B2A2038A1E9DD2EC000195BA /* Debug */ = {
			isa = XCBuildConfiguration;
			buildSettings = {
				ALWAYS_SEARCH_USER_PATHS = NO;
				CLANG_ANALYZER_NONNULL = YES;
				CLANG_ANALYZER_NUMBER_OBJECT_CONVERSION = YES_AGGRESSIVE;
				CLANG_CXX_LANGUAGE_STANDARD = "gnu++0x";
				CLANG_CXX_LIBRARY = "libc++";
				CLANG_ENABLE_MODULES = YES;
				CLANG_ENABLE_OBJC_ARC = YES;
				CLANG_WARN_BOOL_CONVERSION = YES;
				CLANG_WARN_CONSTANT_CONVERSION = YES;
				CLANG_WARN_DIRECT_OBJC_ISA_USAGE = YES_ERROR;
				CLANG_WARN_DOCUMENTATION_COMMENTS = YES;
				CLANG_WARN_EMPTY_BODY = YES;
				CLANG_WARN_ENUM_CONVERSION = YES;
				CLANG_WARN_INFINITE_RECURSION = YES;
				CLANG_WARN_INT_CONVERSION = YES;
				CLANG_WARN_OBJC_ROOT_CLASS = YES_ERROR;
				CLANG_WARN_SUSPICIOUS_MOVE = YES;
				CLANG_WARN_UNREACHABLE_CODE = YES;
				CLANG_WARN__DUPLICATE_METHOD_MATCH = YES;
				"CODE_SIGN_IDENTITY[sdk=iphoneos*]" = "iPhone Developer";
				COPY_PHASE_STRIP = NO;
				DEBUG_INFORMATION_FORMAT = dwarf;
				ENABLE_STRICT_OBJC_MSGSEND = YES;
				ENABLE_TESTABILITY = YES;
				GCC_C_LANGUAGE_STANDARD = gnu99;
				GCC_DYNAMIC_NO_PIC = NO;
				GCC_NO_COMMON_BLOCKS = YES;
				GCC_OPTIMIZATION_LEVEL = 0;
				GCC_PREPROCESSOR_DEFINITIONS = (
					"DEBUG=1",
					"$(inherited)",
				);
				GCC_WARN_64_TO_32_BIT_CONVERSION = YES;
				GCC_WARN_ABOUT_RETURN_TYPE = YES_ERROR;
				GCC_WARN_UNDECLARED_SELECTOR = YES;
				GCC_WARN_UNINITIALIZED_AUTOS = YES_AGGRESSIVE;
				GCC_WARN_UNUSED_FUNCTION = YES;
				GCC_WARN_UNUSED_VARIABLE = YES;
				IPHONEOS_DEPLOYMENT_TARGET = 10.3;
				MTL_ENABLE_DEBUG_INFO = YES;
				ONLY_ACTIVE_ARCH = YES;
				SDKROOT = iphoneos;
				SWIFT_ACTIVE_COMPILATION_CONDITIONS = DEBUG;
				SWIFT_OPTIMIZATION_LEVEL = "-Onone";
				TARGETED_DEVICE_FAMILY = "1,2";
			};
			name = Debug;
		};
		B2A2038B1E9DD2EC000195BA /* Release */ = {
			isa = XCBuildConfiguration;
			buildSettings = {
				ALWAYS_SEARCH_USER_PATHS = NO;
				CLANG_ANALYZER_NONNULL = YES;
				CLANG_ANALYZER_NUMBER_OBJECT_CONVERSION = YES_AGGRESSIVE;
				CLANG_CXX_LANGUAGE_STANDARD = "gnu++0x";
				CLANG_CXX_LIBRARY = "libc++";
				CLANG_ENABLE_MODULES = YES;
				CLANG_ENABLE_OBJC_ARC = YES;
				CLANG_WARN_BOOL_CONVERSION = YES;
				CLANG_WARN_CONSTANT_CONVERSION = YES;
				CLANG_WARN_DIRECT_OBJC_ISA_USAGE = YES_ERROR;
				CLANG_WARN_DOCUMENTATION_COMMENTS = YES;
				CLANG_WARN_EMPTY_BODY = YES;
				CLANG_WARN_ENUM_CONVERSION = YES;
				CLANG_WARN_INFINITE_RECURSION = YES;
				CLANG_WARN_INT_CONVERSION = YES;
				CLANG_WARN_OBJC_ROOT_CLASS = YES_ERROR;
				CLANG_WARN_SUSPICIOUS_MOVE = YES;
				CLANG_WARN_UNREACHABLE_CODE = YES;
				CLANG_WARN__DUPLICATE_METHOD_MATCH = YES;
				"CODE_SIGN_IDENTITY[sdk=iphoneos*]" = "iPhone Developer";
				COPY_PHASE_STRIP = NO;
				DEBUG_INFORMATION_FORMAT = "dwarf-with-dsym";
				ENABLE_NS_ASSERTIONS = NO;
				ENABLE_STRICT_OBJC_MSGSEND = YES;
				GCC_C_LANGUAGE_STANDARD = gnu99;
				GCC_NO_COMMON_BLOCKS = YES;
				GCC_WARN_64_TO_32_BIT_CONVERSION = YES;
				GCC_WARN_ABOUT_RETURN_TYPE = YES_ERROR;
				GCC_WARN_UNDECLARED_SELECTOR = YES;
				GCC_WARN_UNINITIALIZED_AUTOS = YES_AGGRESSIVE;
				GCC_WARN_UNUSED_FUNCTION = YES;
				GCC_WARN_UNUSED_VARIABLE = YES;
				IPHONEOS_DEPLOYMENT_TARGET = 10.3;
				MTL_ENABLE_DEBUG_INFO = NO;
				SDKROOT = iphoneos;
				SWIFT_OPTIMIZATION_LEVEL = "-Owholemodule";
				TARGETED_DEVICE_FAMILY = "1,2";
				VALIDATE_PRODUCT = YES;
			};
			name = Release;
		};
		B2A2038D1E9DD2EC000195BA /* Debug */ = {
			isa = XCBuildConfiguration;
			buildSettings = {
				ALWAYS_EMBED_SWIFT_STANDARD_LIBRARIES = YES;
				ASSETCATALOG_COMPILER_APPICON_NAME = AppIcon;
				DEVELOPMENT_TEAM = 7S69HUYJ5S;
				INFOPLIST_FILE = ThompsonTracker/Info.plist;
				LD_RUNPATH_SEARCH_PATHS = "$(inherited) @executable_path/Frameworks";
				PRODUCT_BUNDLE_IDENTIFIER = com.mockdesign.ThompsonTracker;
				PRODUCT_NAME = "$(TARGET_NAME)";
				SWIFT_VERSION = 3.0;
			};
			name = Debug;
		};
		B2A2038E1E9DD2EC000195BA /* Release */ = {
			isa = XCBuildConfiguration;
			buildSettings = {
				ALWAYS_EMBED_SWIFT_STANDARD_LIBRARIES = YES;
				ASSETCATALOG_COMPILER_APPICON_NAME = AppIcon;
				DEVELOPMENT_TEAM = 7S69HUYJ5S;
				INFOPLIST_FILE = ThompsonTracker/Info.plist;
				LD_RUNPATH_SEARCH_PATHS = "$(inherited) @executable_path/Frameworks";
				PRODUCT_BUNDLE_IDENTIFIER = com.mockdesign.ThompsonTracker;
				PRODUCT_NAME = "$(TARGET_NAME)";
				SWIFT_VERSION = 3.0;
			};
			name = Release;
		};
		B2A203901E9DD2EC000195BA /* Debug */ = {
			isa = XCBuildConfiguration;
			buildSettings = {
				ALWAYS_EMBED_SWIFT_STANDARD_LIBRARIES = YES;
				BUNDLE_LOADER = "$(TEST_HOST)";
				INFOPLIST_FILE = ThompsonTrackerTests/Info.plist;
				LD_RUNPATH_SEARCH_PATHS = "$(inherited) @executable_path/Frameworks @loader_path/Frameworks";
				PRODUCT_BUNDLE_IDENTIFIER = com.mockdesign.ThompsonTrackerTests;
				PRODUCT_NAME = "$(TARGET_NAME)";
				SWIFT_VERSION = 3.0;
				TEST_HOST = "$(BUILT_PRODUCTS_DIR)/ThompsonTracker.app/ThompsonTracker";
			};
			name = Debug;
		};
		B2A203911E9DD2EC000195BA /* Release */ = {
			isa = XCBuildConfiguration;
			buildSettings = {
				ALWAYS_EMBED_SWIFT_STANDARD_LIBRARIES = YES;
				BUNDLE_LOADER = "$(TEST_HOST)";
				INFOPLIST_FILE = ThompsonTrackerTests/Info.plist;
				LD_RUNPATH_SEARCH_PATHS = "$(inherited) @executable_path/Frameworks @loader_path/Frameworks";
				PRODUCT_BUNDLE_IDENTIFIER = com.mockdesign.ThompsonTrackerTests;
				PRODUCT_NAME = "$(TARGET_NAME)";
				SWIFT_VERSION = 3.0;
				TEST_HOST = "$(BUILT_PRODUCTS_DIR)/ThompsonTracker.app/ThompsonTracker";
			};
			name = Release;
		};
		B2A203931E9DD2EC000195BA /* Debug */ = {
			isa = XCBuildConfiguration;
			buildSettings = {
				ALWAYS_EMBED_SWIFT_STANDARD_LIBRARIES = YES;
				INFOPLIST_FILE = ThompsonTrackerUITests/Info.plist;
				LD_RUNPATH_SEARCH_PATHS = "$(inherited) @executable_path/Frameworks @loader_path/Frameworks";
				PRODUCT_BUNDLE_IDENTIFIER = com.mockdesign.ThompsonTrackerUITests;
				PRODUCT_NAME = "$(TARGET_NAME)";
				SWIFT_VERSION = 3.0;
				TEST_TARGET_NAME = ThompsonTracker;
			};
			name = Debug;
		};
		B2A203941E9DD2EC000195BA /* Release */ = {
			isa = XCBuildConfiguration;
			buildSettings = {
				ALWAYS_EMBED_SWIFT_STANDARD_LIBRARIES = YES;
				INFOPLIST_FILE = ThompsonTrackerUITests/Info.plist;
				LD_RUNPATH_SEARCH_PATHS = "$(inherited) @executable_path/Frameworks @loader_path/Frameworks";
				PRODUCT_BUNDLE_IDENTIFIER = com.mockdesign.ThompsonTrackerUITests;
				PRODUCT_NAME = "$(TARGET_NAME)";
				SWIFT_VERSION = 3.0;
				TEST_TARGET_NAME = ThompsonTracker;
			};
			name = Release;
		};
/* End XCBuildConfiguration section */

/* Begin XCConfigurationList section */
		B2A2035C1E9DD2EC000195BA /* Build configuration list for PBXProject "ThompsonTracker" */ = {
			isa = XCConfigurationList;
			buildConfigurations = (
				B2A2038A1E9DD2EC000195BA /* Debug */,
				B2A2038B1E9DD2EC000195BA /* Release */,
			);
			defaultConfigurationIsVisible = 0;
			defaultConfigurationName = Release;
		};
		B2A2038C1E9DD2EC000195BA /* Build configuration list for PBXNativeTarget "ThompsonTracker" */ = {
			isa = XCConfigurationList;
			buildConfigurations = (
				B2A2038D1E9DD2EC000195BA /* Debug */,
				B2A2038E1E9DD2EC000195BA /* Release */,
			);
			defaultConfigurationIsVisible = 0;
			defaultConfigurationName = Release;
		};
		B2A2038F1E9DD2EC000195BA /* Build configuration list for PBXNativeTarget "ThompsonTrackerTests" */ = {
			isa = XCConfigurationList;
			buildConfigurations = (
				B2A203901E9DD2EC000195BA /* Debug */,
				B2A203911E9DD2EC000195BA /* Release */,
			);
			defaultConfigurationIsVisible = 0;
			defaultConfigurationName = Release;
		};
		B2A203921E9DD2EC000195BA /* Build configuration list for PBXNativeTarget "ThompsonTrackerUITests" */ = {
			isa = XCConfigurationList;
			buildConfigurations = (
				B2A203931E9DD2EC000195BA /* Debug */,
				B2A203941E9DD2EC000195BA /* Release */,
			);
			defaultConfigurationIsVisible = 0;
			defaultConfigurationName = Release;
		};
/* End XCConfigurationList section */

/* Begin XCVersionGroup section */
		B2A2036B1E9DD2EC000195BA /* ThompsonTracker.xcdatamodeld */ = {
			isa = XCVersionGroup;
			children = (
				B2A2036C1E9DD2EC000195BA /* ThompsonTracker.xcdatamodel */,
			);
			currentVersion = B2A2036C1E9DD2EC000195BA /* ThompsonTracker.xcdatamodel */;
			path = ThompsonTracker.xcdatamodeld;
			sourceTree = "<group>";
			versionGroupType = wrapper.xcdatamodel;
		};
/* End XCVersionGroup section */
	};
	rootObject = B2A203591E9DD2EC000195BA /* Project object */;
}
